<?xml version="1.0" encoding="UTF-8" standalone="yes" ?>
<CodeBlocks_project_file>
	<FileVersion major="1" minor="6" />
	<Project>
		<Option title="vlcfrontend" />
		<Option pch_mode="2" />
		<Option compiler="gcc" />
		<Build>
			<Target title="Debug">
				<Option output="vlcfrontend$(TARGET_NAME)" prefix_auto="1" extension_auto="1" />
				<Option object_output=".objs/$(TARGET_NAME)" />
				<Option type="0" />
				<Option compiler="gcc" />
				<Compiler>
					<Add option="-g" />
					<Add option="-DWIN32" />
					<Add option="-D_DEBUG" />
					<Add option="-D_WINDOWS" />
					<Add directory="E:/dev/vlcfrontend/boost/include" />
					<Add directory="E:/dev/vlcfrontend/libvlc/include" />
					<Add directory="E:/dev/vlcfrontend/libvlc/include/vlc/plugins" />
					<Add directory="E:/dev/vlcfrontend/juce" />
					<Add directory="E:/dev/vlcfrontend/vf" />
				</Compiler>
				<Linker>
					<Add option="-static-libgcc -static-libstdc++" />
					<Add library="vlccore" />
					<Add library="vlc" />
					<Add library="ws2_32" />
					<Add library="version" />
					<Add library="winmm" />
					<Add library="wininet" />
					<Add library="shlwapi" />
					<Add library="ole32" />
					<Add library="imm32" />
					<Add library="uuid" />
					<Add library="oleaut32" />
					<Add library="boost_regex-mgw48-mt-s-1_56" />
					<Add directory="boost/lib" />
					<Add directory="libvlc/lib" />
				</Linker>
			</Target>
			<Target title="Release">
				<Option output="JuceVLC" prefix_auto="1" extension_auto="1" />
				<Option type="0" />
				<Option compiler="gcc" />
				<Compiler>
					<Add option="-O3" />
					<Add option="-DWIN32" />
					<Add option="-DNDEBUG" />
					<Add option="-D_WINDOWS" />
					<Add directory="E:/dev/vlcfrontend/boost/include" />
					<Add directory="E:/dev/vlcfrontend/libvlc/include" />
					<Add directory="E:/dev/vlcfrontend/libvlc/include/vlc/plugins" />
					<Add directory="E:/dev/vlcfrontend/juce" />
					<Add directory="E:/dev/vlcfrontend/vf" />
				</Compiler>
				<Linker>
					<Add option="-static-libgcc -static-libstdc++" />
					<Add library="vlccore" />
					<Add library="vlc" />
					<Add library="ws2_32" />
					<Add library="version" />
					<Add library="winmm" />
					<Add library="wininet" />
					<Add library="shlwapi" />
					<Add library="ole32" />
					<Add library="imm32" />
					<Add library="uuid" />
					<Add library="oleaut32" />
					<Add library="boost_regex-mgw48-mt-s-1_56" />
					<Add directory="boost/lib" />
					<Add directory="libvlc/lib" />
				</Linker>
				<ExtraCommands>
					<Add after="$(PROJECT_DIR)\upx\upx.exe $(TARGET_OUTPUT_FILE)" />
				</ExtraCommands>
			</Target>
		</Build>
		<VirtualTargets>
			<Add alias="all" targets="Debug;Release;" />
		</VirtualTargets>
		<Unit filename="boost/include/boost/aligned_storage.hpp" />
		<Unit filename="boost/include/boost/any.hpp" />
		<Unit filename="boost/include/boost/array.hpp" />
		<Unit filename="boost/include/boost/asio.hpp" />
		<Unit filename="boost/include/boost/assert.hpp" />
		<Unit filename="boost/include/boost/assign.hpp" />
		<Unit filename="boost/include/boost/bimap.hpp" />
		<Unit filename="boost/include/boost/bind.hpp" />
		<Unit filename="boost/include/boost/blank.hpp" />
		<Unit filename="boost/include/boost/blank_fwd.hpp" />
		<Unit filename="boost/include/boost/call_traits.hpp" />
		<Unit filename="boost/include/boost/cast.hpp" />
		<Unit filename="boost/include/boost/cerrno.hpp" />
		<Unit filename="boost/include/boost/checked_delete.hpp" />
		<Unit filename="boost/include/boost/circular_buffer.hpp" />
		<Unit filename="boost/include/boost/circular_buffer_fwd.hpp" />
		<Unit filename="boost/include/boost/compressed_pair.hpp" />
		<Unit filename="boost/include/boost/concept_archetype.hpp" />
		<Unit filename="boost/include/boost/concept_check.hpp" />
		<Unit filename="boost/include/boost/config.hpp" />
		<Unit filename="boost/include/boost/crc.hpp" />
		<Unit filename="boost/include/boost/cregex.hpp" />
		<Unit filename="boost/include/boost/cstdint.hpp" />
		<Unit filename="boost/include/boost/cstdlib.hpp" />
		<Unit filename="boost/include/boost/current_function.hpp" />
		<Unit filename="boost/include/boost/date_time.hpp" />
		<Unit filename="boost/include/boost/dynamic_bitset.hpp" />
		<Unit filename="boost/include/boost/dynamic_bitset_fwd.hpp" />
		<Unit filename="boost/include/boost/enable_shared_from_this.hpp" />
		<Unit filename="boost/include/boost/exception.hpp" />
		<Unit filename="boost/include/boost/exception_ptr.hpp" />
		<Unit filename="boost/include/boost/filesystem.hpp" />
		<Unit filename="boost/include/boost/flyweight.hpp" />
		<Unit filename="boost/include/boost/foreach.hpp" />
		<Unit filename="boost/include/boost/format.hpp" />
		<Unit filename="boost/include/boost/function.hpp" />
		<Unit filename="boost/include/boost/function_equal.hpp" />
		<Unit filename="boost/include/boost/function_output_iterator.hpp" />
		<Unit filename="boost/include/boost/functional.hpp" />
		<Unit filename="boost/include/boost/generator_iterator.hpp" />
		<Unit filename="boost/include/boost/get_pointer.hpp" />
		<Unit filename="boost/include/boost/implicit_cast.hpp" />
		<Unit filename="boost/include/boost/indirect_reference.hpp" />
		<Unit filename="boost/include/boost/integer.hpp" />
		<Unit filename="boost/include/boost/integer_fwd.hpp" />
		<Unit filename="boost/include/boost/integer_traits.hpp" />
		<Unit filename="boost/include/boost/intrusive_ptr.hpp" />
		<Unit filename="boost/include/boost/io_fwd.hpp" />
		<Unit filename="boost/include/boost/is_placeholder.hpp" />
		<Unit filename="boost/include/boost/iterator.hpp" />
		<Unit filename="boost/include/boost/iterator_adaptors.hpp" />
		<Unit filename="boost/include/boost/last_value.hpp" />
		<Unit filename="boost/include/boost/lexical_cast.hpp" />
		<Unit filename="boost/include/boost/limits.hpp" />
		<Unit filename="boost/include/boost/make_shared.hpp" />
		<Unit filename="boost/include/boost/math_fwd.hpp" />
		<Unit filename="boost/include/boost/mem_fn.hpp" />
		<Unit filename="boost/include/boost/memory_order.hpp" />
		<Unit filename="boost/include/boost/mpi.hpp" />
		<Unit filename="boost/include/boost/multi_array.hpp" />
		<Unit filename="boost/include/boost/multi_index_container.hpp" />
		<Unit filename="boost/include/boost/multi_index_container_fwd.hpp" />
		<Unit filename="boost/include/boost/next_prior.hpp" />
		<Unit filename="boost/include/boost/non_type.hpp" />
		<Unit filename="boost/include/boost/noncopyable.hpp" />
		<Unit filename="boost/include/boost/nondet_random.hpp" />
		<Unit filename="boost/include/boost/none.hpp" />
		<Unit filename="boost/include/boost/none_t.hpp" />
		<Unit filename="boost/include/boost/operators.hpp" />
		<Unit filename="boost/include/boost/optional.hpp" />
		<Unit filename="boost/include/boost/parameter.hpp" />
		<Unit filename="boost/include/boost/pointee.hpp" />
		<Unit filename="boost/include/boost/pointer_cast.hpp" />
		<Unit filename="boost/include/boost/pointer_to_other.hpp" />
		<Unit filename="boost/include/boost/preprocessor.hpp" />
		<Unit filename="boost/include/boost/program_options.hpp" />
		<Unit filename="boost/include/boost/progress.hpp" />
		<Unit filename="boost/include/boost/python.hpp" />
		<Unit filename="boost/include/boost/random.hpp" />
		<Unit filename="boost/include/boost/range.hpp" />
		<Unit filename="boost/include/boost/rational.hpp" />
		<Unit filename="boost/include/boost/ref.hpp" />
		<Unit filename="boost/include/boost/regex.h" />
		<Unit filename="boost/include/boost/regex.hpp" />
		<Unit filename="boost/include/boost/regex_fwd.hpp" />
		<Unit filename="boost/include/boost/scope_exit.hpp" />
		<Unit filename="boost/include/boost/scoped_array.hpp" />
		<Unit filename="boost/include/boost/scoped_ptr.hpp" />
		<Unit filename="boost/include/boost/shared_array.hpp" />
		<Unit filename="boost/include/boost/shared_container_iterator.hpp" />
		<Unit filename="boost/include/boost/shared_ptr.hpp" />
		<Unit filename="boost/include/boost/signal.hpp" />
		<Unit filename="boost/include/boost/signals.hpp" />
		<Unit filename="boost/include/boost/signals2.hpp" />
		<Unit filename="boost/include/boost/smart_ptr.hpp" />
		<Unit filename="boost/include/boost/spirit.hpp" />
		<Unit filename="boost/include/boost/static_assert.hpp" />
		<Unit filename="boost/include/boost/strong_typedef.hpp" />
		<Unit filename="boost/include/boost/swap.hpp" />
		<Unit filename="boost/include/boost/thread.hpp" />
		<Unit filename="boost/include/boost/throw_exception.hpp" />
		<Unit filename="boost/include/boost/timer.hpp" />
		<Unit filename="boost/include/boost/token_functions.hpp" />
		<Unit filename="boost/include/boost/token_iterator.hpp" />
		<Unit filename="boost/include/boost/tokenizer.hpp" />
		<Unit filename="boost/include/boost/type.hpp" />
		<Unit filename="boost/include/boost/type_traits.hpp" />
		<Unit filename="boost/include/boost/unordered_map.hpp" />
		<Unit filename="boost/include/boost/unordered_set.hpp" />
		<Unit filename="boost/include/boost/utility.hpp" />
		<Unit filename="boost/include/boost/variant.hpp" />
		<Unit filename="boost/include/boost/version.hpp" />
		<Unit filename="boost/include/boost/visit_each.hpp" />
		<Unit filename="boost/include/boost/wave.hpp" />
		<Unit filename="boost/include/boost/weak_ptr.hpp" />
		<Unit filename="juce/AppConfig.h" />
		<Unit filename="juce/amalgamation/juce_amalgamated_template.h" />
		<Unit filename="juce/juce.h" />
		<Unit filename="juce/modules/juce_audio_basics/buffers/juce_AudioDataConverters.h" />
		<Unit filename="juce/modules/juce_audio_basics/buffers/juce_AudioSampleBuffer.h" />
		<Unit filename="juce/modules/juce_audio_basics/buffers/juce_FloatVectorOperations.h" />
		<Unit filename="juce/modules/juce_audio_basics/effects/juce_Decibels.h" />
		<Unit filename="juce/modules/juce_audio_basics/effects/juce_IIRFilter.h" />
		<Unit filename="juce/modules/juce_audio_basics/effects/juce_LagrangeInterpolator.h" />
		<Unit filename="juce/modules/juce_audio_basics/effects/juce_Reverb.h" />
		<Unit filename="juce/modules/juce_audio_basics/juce_audio_basics.h" />
		<Unit filename="juce/modules/juce_audio_basics/midi/juce_MidiBuffer.h" />
		<Unit filename="juce/modules/juce_audio_basics/midi/juce_MidiFile.h" />
		<Unit filename="juce/modules/juce_audio_basics/midi/juce_MidiKeyboardState.h" />
		<Unit filename="juce/modules/juce_audio_basics/midi/juce_MidiMessage.h" />
		<Unit filename="juce/modules/juce_audio_basics/midi/juce_MidiMessageSequence.h" />
		<Unit filename="juce/modules/juce_audio_basics/sources/juce_AudioSource.h" />
		<Unit filename="juce/modules/juce_audio_basics/sources/juce_BufferingAudioSource.h" />
		<Unit filename="juce/modules/juce_audio_basics/sources/juce_ChannelRemappingAudioSource.h" />
		<Unit filename="juce/modules/juce_audio_basics/sources/juce_IIRFilterAudioSource.h" />
		<Unit filename="juce/modules/juce_audio_basics/sources/juce_MixerAudioSource.h" />
		<Unit filename="juce/modules/juce_audio_basics/sources/juce_PositionableAudioSource.h" />
		<Unit filename="juce/modules/juce_audio_basics/sources/juce_ResamplingAudioSource.h" />
		<Unit filename="juce/modules/juce_audio_basics/sources/juce_ReverbAudioSource.h" />
		<Unit filename="juce/modules/juce_audio_basics/sources/juce_ToneGeneratorAudioSource.h" />
		<Unit filename="juce/modules/juce_audio_basics/synthesisers/juce_Synthesiser.h" />
		<Unit filename="juce/modules/juce_audio_devices/audio_cd/juce_AudioCDBurner.h" />
		<Unit filename="juce/modules/juce_audio_devices/audio_cd/juce_AudioCDReader.h" />
		<Unit filename="juce/modules/juce_audio_devices/audio_io/juce_AudioDeviceManager.h" />
		<Unit filename="juce/modules/juce_audio_devices/audio_io/juce_AudioIODevice.h" />
		<Unit filename="juce/modules/juce_audio_devices/audio_io/juce_AudioIODeviceType.h" />
		<Unit filename="juce/modules/juce_audio_devices/audio_io/juce_SystemAudioVolume.h" />
		<Unit filename="juce/modules/juce_audio_devices/juce_audio_devices.h" />
		<Unit filename="juce/modules/juce_audio_devices/midi_io/juce_MidiInput.h" />
		<Unit filename="juce/modules/juce_audio_devices/midi_io/juce_MidiMessageCollector.h" />
		<Unit filename="juce/modules/juce_audio_devices/midi_io/juce_MidiOutput.h" />
		<Unit filename="juce/modules/juce_audio_devices/native/juce_MidiDataConcatenator.h" />
		<Unit filename="juce/modules/juce_audio_devices/sources/juce_AudioSourcePlayer.h" />
		<Unit filename="juce/modules/juce_audio_devices/sources/juce_AudioTransportSource.h" />
		<Unit filename="juce/modules/juce_audio_formats/codecs/flac/all.h" />
		<Unit filename="juce/modules/juce_audio_formats/codecs/flac/alloc.h" />
		<Unit filename="juce/modules/juce_audio_formats/codecs/flac/assert.h" />
		<Unit filename="juce/modules/juce_audio_formats/codecs/flac/callback.h" />
		<Unit filename="juce/modules/juce_audio_formats/codecs/flac/export.h" />
		<Unit filename="juce/modules/juce_audio_formats/codecs/flac/format.h" />
		<Unit filename="juce/modules/juce_audio_formats/codecs/flac/libFLAC/include/private/all.h" />
		<Unit filename="juce/modules/juce_audio_formats/codecs/flac/libFLAC/include/private/bitmath.h" />
		<Unit filename="juce/modules/juce_audio_formats/codecs/flac/libFLAC/include/private/bitreader.h" />
		<Unit filename="juce/modules/juce_audio_formats/codecs/flac/libFLAC/include/private/bitwriter.h" />
		<Unit filename="juce/modules/juce_audio_formats/codecs/flac/libFLAC/include/private/cpu.h" />
		<Unit filename="juce/modules/juce_audio_formats/codecs/flac/libFLAC/include/private/crc.h" />
		<Unit filename="juce/modules/juce_audio_formats/codecs/flac/libFLAC/include/private/fixed.h" />
		<Unit filename="juce/modules/juce_audio_formats/codecs/flac/libFLAC/include/private/float.h" />
		<Unit filename="juce/modules/juce_audio_formats/codecs/flac/libFLAC/include/private/format.h" />
		<Unit filename="juce/modules/juce_audio_formats/codecs/flac/libFLAC/include/private/lpc.h" />
		<Unit filename="juce/modules/juce_audio_formats/codecs/flac/libFLAC/include/private/md5.h" />
		<Unit filename="juce/modules/juce_audio_formats/codecs/flac/libFLAC/include/private/memory.h" />
		<Unit filename="juce/modules/juce_audio_formats/codecs/flac/libFLAC/include/private/metadata.h" />
		<Unit filename="juce/modules/juce_audio_formats/codecs/flac/libFLAC/include/private/stream_encoder_framing.h" />
		<Unit filename="juce/modules/juce_audio_formats/codecs/flac/libFLAC/include/private/window.h" />
		<Unit filename="juce/modules/juce_audio_formats/codecs/flac/libFLAC/include/protected/all.h" />
		<Unit filename="juce/modules/juce_audio_formats/codecs/flac/libFLAC/include/protected/stream_decoder.h" />
		<Unit filename="juce/modules/juce_audio_formats/codecs/flac/libFLAC/include/protected/stream_encoder.h" />
		<Unit filename="juce/modules/juce_audio_formats/codecs/flac/metadata.h" />
		<Unit filename="juce/modules/juce_audio_formats/codecs/flac/ordinals.h" />
		<Unit filename="juce/modules/juce_audio_formats/codecs/flac/stream_decoder.h" />
		<Unit filename="juce/modules/juce_audio_formats/codecs/flac/stream_encoder.h" />
		<Unit filename="juce/modules/juce_audio_formats/codecs/juce_AiffAudioFormat.h" />
		<Unit filename="juce/modules/juce_audio_formats/codecs/juce_CoreAudioFormat.h" />
		<Unit filename="juce/modules/juce_audio_formats/codecs/juce_FlacAudioFormat.h" />
		<Unit filename="juce/modules/juce_audio_formats/codecs/juce_LAMEEncoderAudioFormat.h" />
		<Unit filename="juce/modules/juce_audio_formats/codecs/juce_MP3AudioFormat.h" />
		<Unit filename="juce/modules/juce_audio_formats/codecs/juce_OggVorbisAudioFormat.h" />
		<Unit filename="juce/modules/juce_audio_formats/codecs/juce_QuickTimeAudioFormat.h" />
		<Unit filename="juce/modules/juce_audio_formats/codecs/juce_WavAudioFormat.h" />
		<Unit filename="juce/modules/juce_audio_formats/codecs/juce_WindowsMediaAudioFormat.h" />
		<Unit filename="juce/modules/juce_audio_formats/codecs/oggvorbis/codec.h" />
		<Unit filename="juce/modules/juce_audio_formats/codecs/oggvorbis/config_types.h" />
		<Unit filename="juce/modules/juce_audio_formats/codecs/oggvorbis/libvorbis-1.3.2/lib/backends.h" />
		<Unit filename="juce/modules/juce_audio_formats/codecs/oggvorbis/libvorbis-1.3.2/lib/bitrate.h" />
		<Unit filename="juce/modules/juce_audio_formats/codecs/oggvorbis/libvorbis-1.3.2/lib/books/coupled/res_books_51.h" />
		<Unit filename="juce/modules/juce_audio_formats/codecs/oggvorbis/libvorbis-1.3.2/lib/books/coupled/res_books_stereo.h" />
		<Unit filename="juce/modules/juce_audio_formats/codecs/oggvorbis/libvorbis-1.3.2/lib/books/floor/floor_books.h" />
		<Unit filename="juce/modules/juce_audio_formats/codecs/oggvorbis/libvorbis-1.3.2/lib/books/uncoupled/res_books_uncoupled.h" />
		<Unit filename="juce/modules/juce_audio_formats/codecs/oggvorbis/libvorbis-1.3.2/lib/codebook.h" />
		<Unit filename="juce/modules/juce_audio_formats/codecs/oggvorbis/libvorbis-1.3.2/lib/codec_internal.h" />
		<Unit filename="juce/modules/juce_audio_formats/codecs/oggvorbis/libvorbis-1.3.2/lib/envelope.h" />
		<Unit filename="juce/modules/juce_audio_formats/codecs/oggvorbis/libvorbis-1.3.2/lib/highlevel.h" />
		<Unit filename="juce/modules/juce_audio_formats/codecs/oggvorbis/libvorbis-1.3.2/lib/lookup.h" />
		<Unit filename="juce/modules/juce_audio_formats/codecs/oggvorbis/libvorbis-1.3.2/lib/lookup_data.h" />
		<Unit filename="juce/modules/juce_audio_formats/codecs/oggvorbis/libvorbis-1.3.2/lib/lpc.h" />
		<Unit filename="juce/modules/juce_audio_formats/codecs/oggvorbis/libvorbis-1.3.2/lib/lsp.h" />
		<Unit filename="juce/modules/juce_audio_formats/codecs/oggvorbis/libvorbis-1.3.2/lib/masking.h" />
		<Unit filename="juce/modules/juce_audio_formats/codecs/oggvorbis/libvorbis-1.3.2/lib/mdct.h" />
		<Unit filename="juce/modules/juce_audio_formats/codecs/oggvorbis/libvorbis-1.3.2/lib/misc.h" />
		<Unit filename="juce/modules/juce_audio_formats/codecs/oggvorbis/libvorbis-1.3.2/lib/modes/floor_all.h" />
		<Unit filename="juce/modules/juce_audio_formats/codecs/oggvorbis/libvorbis-1.3.2/lib/modes/psych_11.h" />
		<Unit filename="juce/modules/juce_audio_formats/codecs/oggvorbis/libvorbis-1.3.2/lib/modes/psych_16.h" />
		<Unit filename="juce/modules/juce_audio_formats/codecs/oggvorbis/libvorbis-1.3.2/lib/modes/psych_44.h" />
		<Unit filename="juce/modules/juce_audio_formats/codecs/oggvorbis/libvorbis-1.3.2/lib/modes/psych_8.h" />
		<Unit filename="juce/modules/juce_audio_formats/codecs/oggvorbis/libvorbis-1.3.2/lib/modes/residue_16.h" />
		<Unit filename="juce/modules/juce_audio_formats/codecs/oggvorbis/libvorbis-1.3.2/lib/modes/residue_44.h" />
		<Unit filename="juce/modules/juce_audio_formats/codecs/oggvorbis/libvorbis-1.3.2/lib/modes/residue_44p51.h" />
		<Unit filename="juce/modules/juce_audio_formats/codecs/oggvorbis/libvorbis-1.3.2/lib/modes/residue_44u.h" />
		<Unit filename="juce/modules/juce_audio_formats/codecs/oggvorbis/libvorbis-1.3.2/lib/modes/residue_8.h" />
		<Unit filename="juce/modules/juce_audio_formats/codecs/oggvorbis/libvorbis-1.3.2/lib/modes/setup_11.h" />
		<Unit filename="juce/modules/juce_audio_formats/codecs/oggvorbis/libvorbis-1.3.2/lib/modes/setup_16.h" />
		<Unit filename="juce/modules/juce_audio_formats/codecs/oggvorbis/libvorbis-1.3.2/lib/modes/setup_22.h" />
		<Unit filename="juce/modules/juce_audio_formats/codecs/oggvorbis/libvorbis-1.3.2/lib/modes/setup_32.h" />
		<Unit filename="juce/modules/juce_audio_formats/codecs/oggvorbis/libvorbis-1.3.2/lib/modes/setup_44.h" />
		<Unit filename="juce/modules/juce_audio_formats/codecs/oggvorbis/libvorbis-1.3.2/lib/modes/setup_44p51.h" />
		<Unit filename="juce/modules/juce_audio_formats/codecs/oggvorbis/libvorbis-1.3.2/lib/modes/setup_44u.h" />
		<Unit filename="juce/modules/juce_audio_formats/codecs/oggvorbis/libvorbis-1.3.2/lib/modes/setup_8.h" />
		<Unit filename="juce/modules/juce_audio_formats/codecs/oggvorbis/libvorbis-1.3.2/lib/modes/setup_X.h" />
		<Unit filename="juce/modules/juce_audio_formats/codecs/oggvorbis/libvorbis-1.3.2/lib/os.h" />
		<Unit filename="juce/modules/juce_audio_formats/codecs/oggvorbis/libvorbis-1.3.2/lib/psy.h" />
		<Unit filename="juce/modules/juce_audio_formats/codecs/oggvorbis/libvorbis-1.3.2/lib/registry.h" />
		<Unit filename="juce/modules/juce_audio_formats/codecs/oggvorbis/libvorbis-1.3.2/lib/scales.h" />
		<Unit filename="juce/modules/juce_audio_formats/codecs/oggvorbis/libvorbis-1.3.2/lib/smallft.h" />
		<Unit filename="juce/modules/juce_audio_formats/codecs/oggvorbis/libvorbis-1.3.2/lib/window.h" />
		<Unit filename="juce/modules/juce_audio_formats/codecs/oggvorbis/ogg.h" />
		<Unit filename="juce/modules/juce_audio_formats/codecs/oggvorbis/os_types.h" />
		<Unit filename="juce/modules/juce_audio_formats/codecs/oggvorbis/vorbisenc.h" />
		<Unit filename="juce/modules/juce_audio_formats/codecs/oggvorbis/vorbisfile.h" />
		<Unit filename="juce/modules/juce_audio_formats/format/juce_AudioFormat.h" />
		<Unit filename="juce/modules/juce_audio_formats/format/juce_AudioFormatManager.h" />
		<Unit filename="juce/modules/juce_audio_formats/format/juce_AudioFormatReader.h" />
		<Unit filename="juce/modules/juce_audio_formats/format/juce_AudioFormatReaderSource.h" />
		<Unit filename="juce/modules/juce_audio_formats/format/juce_AudioFormatWriter.h" />
		<Unit filename="juce/modules/juce_audio_formats/format/juce_AudioSubsectionReader.h" />
		<Unit filename="juce/modules/juce_audio_formats/format/juce_BufferingAudioFormatReader.h" />
		<Unit filename="juce/modules/juce_audio_formats/format/juce_MemoryMappedAudioFormatReader.h" />
		<Unit filename="juce/modules/juce_audio_formats/juce_audio_formats.h" />
		<Unit filename="juce/modules/juce_audio_formats/sampler/juce_Sampler.h" />
		<Unit filename="juce/modules/juce_audio_plugin_client/RTAS/juce_RTAS_DigiCode_Header.h" />
		<Unit filename="juce/modules/juce_audio_plugin_client/Standalone/juce_StandaloneFilterWindow.h" />
		<Unit filename="juce/modules/juce_audio_plugin_client/juce_audio_plugin_client.h" />
		<Unit filename="juce/modules/juce_audio_plugin_client/utility/juce_CarbonVisibility.h" />
		<Unit filename="juce/modules/juce_audio_plugin_client/utility/juce_CheckSettingMacros.h" />
		<Unit filename="juce/modules/juce_audio_plugin_client/utility/juce_FakeMouseMoveGenerator.h" />
		<Unit filename="juce/modules/juce_audio_plugin_client/utility/juce_IncludeModuleHeaders.h" />
		<Unit filename="juce/modules/juce_audio_plugin_client/utility/juce_IncludeSystemHeaders.h" />
		<Unit filename="juce/modules/juce_audio_plugin_client/utility/juce_PluginHostType.h" />
		<Unit filename="juce/modules/juce_audio_processors/format/juce_AudioPluginFormat.h" />
		<Unit filename="juce/modules/juce_audio_processors/format/juce_AudioPluginFormatManager.h" />
		<Unit filename="juce/modules/juce_audio_processors/format_types/juce_AudioUnitPluginFormat.h" />
		<Unit filename="juce/modules/juce_audio_processors/format_types/juce_LADSPAPluginFormat.h" />
		<Unit filename="juce/modules/juce_audio_processors/format_types/juce_VSTMidiEventList.h" />
		<Unit filename="juce/modules/juce_audio_processors/format_types/juce_VSTPluginFormat.h" />
		<Unit filename="juce/modules/juce_audio_processors/juce_audio_processors.h" />
		<Unit filename="juce/modules/juce_audio_processors/processors/juce_AudioPlayHead.h" />
		<Unit filename="juce/modules/juce_audio_processors/processors/juce_AudioPluginInstance.h" />
		<Unit filename="juce/modules/juce_audio_processors/processors/juce_AudioProcessor.h" />
		<Unit filename="juce/modules/juce_audio_processors/processors/juce_AudioProcessorEditor.h" />
		<Unit filename="juce/modules/juce_audio_processors/processors/juce_AudioProcessorGraph.h" />
		<Unit filename="juce/modules/juce_audio_processors/processors/juce_AudioProcessorListener.h" />
		<Unit filename="juce/modules/juce_audio_processors/processors/juce_GenericAudioProcessorEditor.h" />
		<Unit filename="juce/modules/juce_audio_processors/processors/juce_PluginDescription.h" />
		<Unit filename="juce/modules/juce_audio_processors/scanning/juce_KnownPluginList.h" />
		<Unit filename="juce/modules/juce_audio_processors/scanning/juce_PluginDirectoryScanner.h" />
		<Unit filename="juce/modules/juce_audio_processors/scanning/juce_PluginListComponent.h" />
		<Unit filename="juce/modules/juce_audio_utils/gui/juce_AudioDeviceSelectorComponent.h" />
		<Unit filename="juce/modules/juce_audio_utils/gui/juce_AudioThumbnail.h" />
		<Unit filename="juce/modules/juce_audio_utils/gui/juce_AudioThumbnailBase.h" />
		<Unit filename="juce/modules/juce_audio_utils/gui/juce_AudioThumbnailCache.h" />
		<Unit filename="juce/modules/juce_audio_utils/gui/juce_MidiKeyboardComponent.h" />
		<Unit filename="juce/modules/juce_audio_utils/juce_audio_utils.h" />
		<Unit filename="juce/modules/juce_audio_utils/players/juce_AudioProcessorPlayer.h" />
		<Unit filename="juce/modules/juce_box2d/box2d/Box2D.h" />
		<Unit filename="juce/modules/juce_box2d/box2d/Collision/Shapes/b2ChainShape.h" />
		<Unit filename="juce/modules/juce_box2d/box2d/Collision/Shapes/b2CircleShape.h" />
		<Unit filename="juce/modules/juce_box2d/box2d/Collision/Shapes/b2EdgeShape.h" />
		<Unit filename="juce/modules/juce_box2d/box2d/Collision/Shapes/b2PolygonShape.h" />
		<Unit filename="juce/modules/juce_box2d/box2d/Collision/Shapes/b2Shape.h" />
		<Unit filename="juce/modules/juce_box2d/box2d/Collision/b2BroadPhase.h" />
		<Unit filename="juce/modules/juce_box2d/box2d/Collision/b2Collision.h" />
		<Unit filename="juce/modules/juce_box2d/box2d/Collision/b2Distance.h" />
		<Unit filename="juce/modules/juce_box2d/box2d/Collision/b2DynamicTree.h" />
		<Unit filename="juce/modules/juce_box2d/box2d/Collision/b2TimeOfImpact.h" />
		<Unit filename="juce/modules/juce_box2d/box2d/Common/b2BlockAllocator.h" />
		<Unit filename="juce/modules/juce_box2d/box2d/Common/b2Draw.h" />
		<Unit filename="juce/modules/juce_box2d/box2d/Common/b2GrowableStack.h" />
		<Unit filename="juce/modules/juce_box2d/box2d/Common/b2Math.h" />
		<Unit filename="juce/modules/juce_box2d/box2d/Common/b2Settings.h" />
		<Unit filename="juce/modules/juce_box2d/box2d/Common/b2StackAllocator.h" />
		<Unit filename="juce/modules/juce_box2d/box2d/Common/b2Timer.h" />
		<Unit filename="juce/modules/juce_box2d/box2d/Dynamics/Contacts/b2ChainAndCircleContact.h" />
		<Unit filename="juce/modules/juce_box2d/box2d/Dynamics/Contacts/b2ChainAndPolygonContact.h" />
		<Unit filename="juce/modules/juce_box2d/box2d/Dynamics/Contacts/b2CircleContact.h" />
		<Unit filename="juce/modules/juce_box2d/box2d/Dynamics/Contacts/b2Contact.h" />
		<Unit filename="juce/modules/juce_box2d/box2d/Dynamics/Contacts/b2ContactSolver.h" />
		<Unit filename="juce/modules/juce_box2d/box2d/Dynamics/Contacts/b2EdgeAndCircleContact.h" />
		<Unit filename="juce/modules/juce_box2d/box2d/Dynamics/Contacts/b2EdgeAndPolygonContact.h" />
		<Unit filename="juce/modules/juce_box2d/box2d/Dynamics/Contacts/b2PolygonAndCircleContact.h" />
		<Unit filename="juce/modules/juce_box2d/box2d/Dynamics/Contacts/b2PolygonContact.h" />
		<Unit filename="juce/modules/juce_box2d/box2d/Dynamics/Joints/b2DistanceJoint.h" />
		<Unit filename="juce/modules/juce_box2d/box2d/Dynamics/Joints/b2FrictionJoint.h" />
		<Unit filename="juce/modules/juce_box2d/box2d/Dynamics/Joints/b2GearJoint.h" />
		<Unit filename="juce/modules/juce_box2d/box2d/Dynamics/Joints/b2Joint.h" />
		<Unit filename="juce/modules/juce_box2d/box2d/Dynamics/Joints/b2MouseJoint.h" />
		<Unit filename="juce/modules/juce_box2d/box2d/Dynamics/Joints/b2PrismaticJoint.h" />
		<Unit filename="juce/modules/juce_box2d/box2d/Dynamics/Joints/b2PulleyJoint.h" />
		<Unit filename="juce/modules/juce_box2d/box2d/Dynamics/Joints/b2RevoluteJoint.h" />
		<Unit filename="juce/modules/juce_box2d/box2d/Dynamics/Joints/b2RopeJoint.h" />
		<Unit filename="juce/modules/juce_box2d/box2d/Dynamics/Joints/b2WeldJoint.h" />
		<Unit filename="juce/modules/juce_box2d/box2d/Dynamics/Joints/b2WheelJoint.h" />
		<Unit filename="juce/modules/juce_box2d/box2d/Dynamics/b2Body.h" />
		<Unit filename="juce/modules/juce_box2d/box2d/Dynamics/b2ContactManager.h" />
		<Unit filename="juce/modules/juce_box2d/box2d/Dynamics/b2Fixture.h" />
		<Unit filename="juce/modules/juce_box2d/box2d/Dynamics/b2Island.h" />
		<Unit filename="juce/modules/juce_box2d/box2d/Dynamics/b2TimeStep.h" />
		<Unit filename="juce/modules/juce_box2d/box2d/Dynamics/b2World.h" />
		<Unit filename="juce/modules/juce_box2d/box2d/Dynamics/b2WorldCallbacks.h" />
		<Unit filename="juce/modules/juce_box2d/box2d/Rope/b2Rope.h" />
		<Unit filename="juce/modules/juce_box2d/juce_box2d.h" />
		<Unit filename="juce/modules/juce_box2d/utils/juce_Box2DRenderer.h" />
		<Unit filename="juce/modules/juce_browser_plugin/juce_browser_plugin.h" />
		<Unit filename="juce/modules/juce_browser_plugin/wrapper/juce_BrowserPluginComponent.h" />
		<Unit filename="juce/modules/juce_browser_plugin/wrapper/npapi/jni.h" />
		<Unit filename="juce/modules/juce_browser_plugin/wrapper/npapi/jni_md.h" />
		<Unit filename="juce/modules/juce_browser_plugin/wrapper/npapi/jri.h" />
		<Unit filename="juce/modules/juce_browser_plugin/wrapper/npapi/jri_md.h" />
		<Unit filename="juce/modules/juce_browser_plugin/wrapper/npapi/jritypes.h" />
		<Unit filename="juce/modules/juce_browser_plugin/wrapper/npapi/npapi.h" />
		<Unit filename="juce/modules/juce_browser_plugin/wrapper/npapi/npruntime.h" />
		<Unit filename="juce/modules/juce_browser_plugin/wrapper/npapi/nptypes.h" />
		<Unit filename="juce/modules/juce_browser_plugin/wrapper/npapi/npupp.h" />
		<Unit filename="juce/modules/juce_browser_plugin/wrapper/npapi/obsolete/protypes.h" />
		<Unit filename="juce/modules/juce_browser_plugin/wrapper/npapi/prcpucfg.h" />
		<Unit filename="juce/modules/juce_browser_plugin/wrapper/npapi/prtypes.h" />
		<Unit filename="juce/modules/juce_core/containers/juce_AbstractFifo.h" />
		<Unit filename="juce/modules/juce_core/containers/juce_Array.h" />
		<Unit filename="juce/modules/juce_core/containers/juce_ArrayAllocationBase.h" />
		<Unit filename="juce/modules/juce_core/containers/juce_DynamicObject.h" />
		<Unit filename="juce/modules/juce_core/containers/juce_ElementComparator.h" />
		<Unit filename="juce/modules/juce_core/containers/juce_HashMap.h" />
		<Unit filename="juce/modules/juce_core/containers/juce_LinkedListPointer.h" />
		<Unit filename="juce/modules/juce_core/containers/juce_NamedValueSet.h" />
		<Unit filename="juce/modules/juce_core/containers/juce_OwnedArray.h" />
		<Unit filename="juce/modules/juce_core/containers/juce_PropertySet.h" />
		<Unit filename="juce/modules/juce_core/containers/juce_ReferenceCountedArray.h" />
		<Unit filename="juce/modules/juce_core/containers/juce_ScopedValueSetter.h" />
		<Unit filename="juce/modules/juce_core/containers/juce_SortedSet.h" />
		<Unit filename="juce/modules/juce_core/containers/juce_SparseSet.h" />
		<Unit filename="juce/modules/juce_core/containers/juce_Variant.h" />
		<Unit filename="juce/modules/juce_core/files/juce_DirectoryIterator.h" />
		<Unit filename="juce/modules/juce_core/files/juce_File.h" />
		<Unit filename="juce/modules/juce_core/files/juce_FileInputStream.h" />
		<Unit filename="juce/modules/juce_core/files/juce_FileOutputStream.h" />
		<Unit filename="juce/modules/juce_core/files/juce_FileSearchPath.h" />
		<Unit filename="juce/modules/juce_core/files/juce_MemoryMappedFile.h" />
		<Unit filename="juce/modules/juce_core/files/juce_TemporaryFile.h" />
		<Unit filename="juce/modules/juce_core/json/juce_JSON.h" />
		<Unit filename="juce/modules/juce_core/juce_core.cpp" />
		<Unit filename="juce/modules/juce_core/juce_core.h" />
		<Unit filename="juce/modules/juce_core/logging/juce_FileLogger.h" />
		<Unit filename="juce/modules/juce_core/logging/juce_Logger.h" />
		<Unit filename="juce/modules/juce_core/maths/juce_BigInteger.h" />
		<Unit filename="juce/modules/juce_core/maths/juce_Expression.h" />
		<Unit filename="juce/modules/juce_core/maths/juce_MathsFunctions.h" />
		<Unit filename="juce/modules/juce_core/maths/juce_Random.h" />
		<Unit filename="juce/modules/juce_core/maths/juce_Range.h" />
		<Unit filename="juce/modules/juce_core/memory/juce_Atomic.h" />
		<Unit filename="juce/modules/juce_core/memory/juce_ByteOrder.h" />
		<Unit filename="juce/modules/juce_core/memory/juce_ContainerDeletePolicy.h" />
		<Unit filename="juce/modules/juce_core/memory/juce_HeapBlock.h" />
		<Unit filename="juce/modules/juce_core/memory/juce_LeakedObjectDetector.h" />
		<Unit filename="juce/modules/juce_core/memory/juce_Memory.h" />
		<Unit filename="juce/modules/juce_core/memory/juce_MemoryBlock.h" />
		<Unit filename="juce/modules/juce_core/memory/juce_OptionalScopedPointer.h" />
		<Unit filename="juce/modules/juce_core/memory/juce_ReferenceCountedObject.h" />
		<Unit filename="juce/modules/juce_core/memory/juce_ScopedPointer.h" />
		<Unit filename="juce/modules/juce_core/memory/juce_Singleton.h" />
		<Unit filename="juce/modules/juce_core/memory/juce_WeakReference.h" />
		<Unit filename="juce/modules/juce_core/misc/juce_Result.h" />
		<Unit filename="juce/modules/juce_core/misc/juce_Uuid.h" />
		<Unit filename="juce/modules/juce_core/misc/juce_WindowsRegistry.h" />
		<Unit filename="juce/modules/juce_core/native/juce_BasicNativeHeaders.h" />
		<Unit filename="juce/modules/juce_core/native/juce_android_JNIHelpers.h" />
		<Unit filename="juce/modules/juce_core/native/juce_osx_ObjCHelpers.h" />
		<Unit filename="juce/modules/juce_core/native/juce_posix_SharedCode.h" />
		<Unit filename="juce/modules/juce_core/native/juce_win32_ComSmartPtr.h" />
		<Unit filename="juce/modules/juce_core/network/juce_IPAddress.h" />
		<Unit filename="juce/modules/juce_core/network/juce_MACAddress.h" />
		<Unit filename="juce/modules/juce_core/network/juce_NamedPipe.h" />
		<Unit filename="juce/modules/juce_core/network/juce_Socket.h" />
		<Unit filename="juce/modules/juce_core/network/juce_URL.h" />
		<Unit filename="juce/modules/juce_core/streams/juce_BufferedInputStream.h" />
		<Unit filename="juce/modules/juce_core/streams/juce_FileInputSource.h" />
		<Unit filename="juce/modules/juce_core/streams/juce_InputSource.h" />
		<Unit filename="juce/modules/juce_core/streams/juce_InputStream.h" />
		<Unit filename="juce/modules/juce_core/streams/juce_MemoryInputStream.h" />
		<Unit filename="juce/modules/juce_core/streams/juce_MemoryOutputStream.h" />
		<Unit filename="juce/modules/juce_core/streams/juce_OutputStream.h" />
		<Unit filename="juce/modules/juce_core/streams/juce_SubregionStream.h" />
		<Unit filename="juce/modules/juce_core/system/juce_PlatformDefs.h" />
		<Unit filename="juce/modules/juce_core/system/juce_StandardHeader.h" />
		<Unit filename="juce/modules/juce_core/system/juce_SystemStats.h" />
		<Unit filename="juce/modules/juce_core/system/juce_TargetPlatform.h" />
		<Unit filename="juce/modules/juce_core/text/juce_CharPointer_ASCII.h" />
		<Unit filename="juce/modules/juce_core/text/juce_CharPointer_UTF16.h" />
		<Unit filename="juce/modules/juce_core/text/juce_CharPointer_UTF32.h" />
		<Unit filename="juce/modules/juce_core/text/juce_CharPointer_UTF8.h" />
		<Unit filename="juce/modules/juce_core/text/juce_CharacterFunctions.h" />
		<Unit filename="juce/modules/juce_core/text/juce_Identifier.h" />
		<Unit filename="juce/modules/juce_core/text/juce_LocalisedStrings.h" />
		<Unit filename="juce/modules/juce_core/text/juce_NewLine.h" />
		<Unit filename="juce/modules/juce_core/text/juce_String.h" />
		<Unit filename="juce/modules/juce_core/text/juce_StringArray.h" />
		<Unit filename="juce/modules/juce_core/text/juce_StringPairArray.h" />
		<Unit filename="juce/modules/juce_core/text/juce_StringPool.h" />
		<Unit filename="juce/modules/juce_core/text/juce_TextDiff.h" />
		<Unit filename="juce/modules/juce_core/threads/juce_ChildProcess.h" />
		<Unit filename="juce/modules/juce_core/threads/juce_CriticalSection.h" />
		<Unit filename="juce/modules/juce_core/threads/juce_DynamicLibrary.h" />
		<Unit filename="juce/modules/juce_core/threads/juce_HighResolutionTimer.h" />
		<Unit filename="juce/modules/juce_core/threads/juce_InterProcessLock.h" />
		<Unit filename="juce/modules/juce_core/threads/juce_Process.h" />
		<Unit filename="juce/modules/juce_core/threads/juce_ReadWriteLock.h" />
		<Unit filename="juce/modules/juce_core/threads/juce_ScopedLock.h" />
		<Unit filename="juce/modules/juce_core/threads/juce_ScopedReadLock.h" />
		<Unit filename="juce/modules/juce_core/threads/juce_ScopedWriteLock.h" />
		<Unit filename="juce/modules/juce_core/threads/juce_SpinLock.h" />
		<Unit filename="juce/modules/juce_core/threads/juce_Thread.h" />
		<Unit filename="juce/modules/juce_core/threads/juce_ThreadLocalValue.h" />
		<Unit filename="juce/modules/juce_core/threads/juce_ThreadPool.h" />
		<Unit filename="juce/modules/juce_core/threads/juce_TimeSliceThread.h" />
		<Unit filename="juce/modules/juce_core/threads/juce_WaitableEvent.h" />
		<Unit filename="juce/modules/juce_core/time/juce_PerformanceCounter.h" />
		<Unit filename="juce/modules/juce_core/time/juce_RelativeTime.h" />
		<Unit filename="juce/modules/juce_core/time/juce_Time.h" />
		<Unit filename="juce/modules/juce_core/unit_tests/juce_UnitTest.h" />
		<Unit filename="juce/modules/juce_core/xml/juce_XmlDocument.h" />
		<Unit filename="juce/modules/juce_core/xml/juce_XmlElement.h" />
		<Unit filename="juce/modules/juce_core/zip/juce_GZIPCompressorOutputStream.h" />
		<Unit filename="juce/modules/juce_core/zip/juce_GZIPDecompressorInputStream.h" />
		<Unit filename="juce/modules/juce_core/zip/juce_ZipFile.h" />
		<Unit filename="juce/modules/juce_core/zip/zlib/crc32.h" />
		<Unit filename="juce/modules/juce_core/zip/zlib/deflate.h" />
		<Unit filename="juce/modules/juce_core/zip/zlib/inffast.h" />
		<Unit filename="juce/modules/juce_core/zip/zlib/inffixed.h" />
		<Unit filename="juce/modules/juce_core/zip/zlib/inflate.h" />
		<Unit filename="juce/modules/juce_core/zip/zlib/inftrees.h" />
		<Unit filename="juce/modules/juce_core/zip/zlib/trees.h" />
		<Unit filename="juce/modules/juce_core/zip/zlib/zconf.h" />
		<Unit filename="juce/modules/juce_core/zip/zlib/zconf.in.h" />
		<Unit filename="juce/modules/juce_core/zip/zlib/zlib.h" />
		<Unit filename="juce/modules/juce_core/zip/zlib/zutil.h" />
		<Unit filename="juce/modules/juce_cryptography/encryption/juce_BlowFish.h" />
		<Unit filename="juce/modules/juce_cryptography/encryption/juce_Primes.h" />
		<Unit filename="juce/modules/juce_cryptography/encryption/juce_RSAKey.h" />
		<Unit filename="juce/modules/juce_cryptography/hashing/juce_MD5.h" />
		<Unit filename="juce/modules/juce_cryptography/hashing/juce_SHA256.h" />
		<Unit filename="juce/modules/juce_cryptography/juce_cryptography.h" />
		<Unit filename="juce/modules/juce_data_structures/app_properties/juce_ApplicationProperties.h" />
		<Unit filename="juce/modules/juce_data_structures/app_properties/juce_PropertiesFile.h" />
		<Unit filename="juce/modules/juce_data_structures/juce_data_structures.cpp" />
		<Unit filename="juce/modules/juce_data_structures/juce_data_structures.h" />
		<Unit filename="juce/modules/juce_data_structures/undomanager/juce_UndoManager.h" />
		<Unit filename="juce/modules/juce_data_structures/undomanager/juce_UndoableAction.h" />
		<Unit filename="juce/modules/juce_data_structures/values/juce_Value.h" />
		<Unit filename="juce/modules/juce_data_structures/values/juce_ValueTree.h" />
		<Unit filename="juce/modules/juce_events/broadcasters/juce_ActionBroadcaster.h" />
		<Unit filename="juce/modules/juce_events/broadcasters/juce_ActionListener.h" />
		<Unit filename="juce/modules/juce_events/broadcasters/juce_AsyncUpdater.h" />
		<Unit filename="juce/modules/juce_events/broadcasters/juce_ChangeBroadcaster.h" />
		<Unit filename="juce/modules/juce_events/broadcasters/juce_ChangeListener.h" />
		<Unit filename="juce/modules/juce_events/broadcasters/juce_ListenerList.h" />
		<Unit filename="juce/modules/juce_events/interprocess/juce_InterprocessConnection.h" />
		<Unit filename="juce/modules/juce_events/interprocess/juce_InterprocessConnectionServer.h" />
		<Unit filename="juce/modules/juce_events/juce_events.cpp" />
		<Unit filename="juce/modules/juce_events/juce_events.h" />
		<Unit filename="juce/modules/juce_events/messages/juce_ApplicationBase.h" />
		<Unit filename="juce/modules/juce_events/messages/juce_CallbackMessage.h" />
		<Unit filename="juce/modules/juce_events/messages/juce_DeletedAtShutdown.h" />
		<Unit filename="juce/modules/juce_events/messages/juce_Initialisation.h" />
		<Unit filename="juce/modules/juce_events/messages/juce_Message.h" />
		<Unit filename="juce/modules/juce_events/messages/juce_MessageListener.h" />
		<Unit filename="juce/modules/juce_events/messages/juce_MessageManager.h" />
		<Unit filename="juce/modules/juce_events/messages/juce_NotificationType.h" />
		<Unit filename="juce/modules/juce_events/native/juce_ScopedXLock.h" />
		<Unit filename="juce/modules/juce_events/native/juce_osx_MessageQueue.h" />
		<Unit filename="juce/modules/juce_events/native/juce_win32_HiddenMessageWindow.h" />
		<Unit filename="juce/modules/juce_events/timers/juce_MultiTimer.h" />
		<Unit filename="juce/modules/juce_events/timers/juce_Timer.h" />
		<Unit filename="juce/modules/juce_graphics/colour/juce_Colour.h" />
		<Unit filename="juce/modules/juce_graphics/colour/juce_ColourGradient.h" />
		<Unit filename="juce/modules/juce_graphics/colour/juce_Colours.h" />
		<Unit filename="juce/modules/juce_graphics/colour/juce_FillType.h" />
		<Unit filename="juce/modules/juce_graphics/colour/juce_PixelFormats.h" />
		<Unit filename="juce/modules/juce_graphics/contexts/juce_GraphicsContext.h" />
		<Unit filename="juce/modules/juce_graphics/contexts/juce_LowLevelGraphicsContext.h" />
		<Unit filename="juce/modules/juce_graphics/contexts/juce_LowLevelGraphicsPostScriptRenderer.h" />
		<Unit filename="juce/modules/juce_graphics/contexts/juce_LowLevelGraphicsSoftwareRenderer.h" />
		<Unit filename="juce/modules/juce_graphics/effects/juce_DropShadowEffect.h" />
		<Unit filename="juce/modules/juce_graphics/effects/juce_GlowEffect.h" />
		<Unit filename="juce/modules/juce_graphics/effects/juce_ImageEffectFilter.h" />
		<Unit filename="juce/modules/juce_graphics/fonts/juce_AttributedString.h" />
		<Unit filename="juce/modules/juce_graphics/fonts/juce_CustomTypeface.h" />
		<Unit filename="juce/modules/juce_graphics/fonts/juce_Font.h" />
		<Unit filename="juce/modules/juce_graphics/fonts/juce_GlyphArrangement.h" />
		<Unit filename="juce/modules/juce_graphics/fonts/juce_TextLayout.h" />
		<Unit filename="juce/modules/juce_graphics/fonts/juce_Typeface.h" />
		<Unit filename="juce/modules/juce_graphics/geometry/juce_AffineTransform.h" />
		<Unit filename="juce/modules/juce_graphics/geometry/juce_BorderSize.h" />
		<Unit filename="juce/modules/juce_graphics/geometry/juce_EdgeTable.h" />
		<Unit filename="juce/modules/juce_graphics/geometry/juce_Line.h" />
		<Unit filename="juce/modules/juce_graphics/geometry/juce_Path.h" />
		<Unit filename="juce/modules/juce_graphics/geometry/juce_PathIterator.h" />
		<Unit filename="juce/modules/juce_graphics/geometry/juce_PathStrokeType.h" />
		<Unit filename="juce/modules/juce_graphics/geometry/juce_Point.h" />
		<Unit filename="juce/modules/juce_graphics/geometry/juce_Rectangle.h" />
		<Unit filename="juce/modules/juce_graphics/geometry/juce_RectangleList.h" />
		<Unit filename="juce/modules/juce_graphics/image_formats/jpglib/cderror.h" />
		<Unit filename="juce/modules/juce_graphics/image_formats/jpglib/jchuff.h" />
		<Unit filename="juce/modules/juce_graphics/image_formats/jpglib/jconfig.h" />
		<Unit filename="juce/modules/juce_graphics/image_formats/jpglib/jdct.h" />
		<Unit filename="juce/modules/juce_graphics/image_formats/jpglib/jdhuff.h" />
		<Unit filename="juce/modules/juce_graphics/image_formats/jpglib/jerror.h" />
		<Unit filename="juce/modules/juce_graphics/image_formats/jpglib/jinclude.h" />
		<Unit filename="juce/modules/juce_graphics/image_formats/jpglib/jmemsys.h" />
		<Unit filename="juce/modules/juce_graphics/image_formats/jpglib/jmorecfg.h" />
		<Unit filename="juce/modules/juce_graphics/image_formats/jpglib/jpegint.h" />
		<Unit filename="juce/modules/juce_graphics/image_formats/jpglib/jpeglib.h" />
		<Unit filename="juce/modules/juce_graphics/image_formats/jpglib/jversion.h" />
		<Unit filename="juce/modules/juce_graphics/image_formats/jpglib/transupp.h" />
		<Unit filename="juce/modules/juce_graphics/image_formats/pnglib/png.h" />
		<Unit filename="juce/modules/juce_graphics/image_formats/pnglib/pngconf.h" />
		<Unit filename="juce/modules/juce_graphics/image_formats/pnglib/pnginfo.h" />
		<Unit filename="juce/modules/juce_graphics/image_formats/pnglib/pngpriv.h" />
		<Unit filename="juce/modules/juce_graphics/image_formats/pnglib/pngstruct.h" />
		<Unit filename="juce/modules/juce_graphics/images/juce_Image.h" />
		<Unit filename="juce/modules/juce_graphics/images/juce_ImageCache.h" />
		<Unit filename="juce/modules/juce_graphics/images/juce_ImageConvolutionKernel.h" />
		<Unit filename="juce/modules/juce_graphics/images/juce_ImageFileFormat.h" />
		<Unit filename="juce/modules/juce_graphics/juce_graphics.cpp" />
		<Unit filename="juce/modules/juce_graphics/juce_graphics.h" />
		<Unit filename="juce/modules/juce_graphics/native/juce_RenderingHelpers.h" />
		<Unit filename="juce/modules/juce_graphics/native/juce_mac_CoreGraphicsContext.h" />
		<Unit filename="juce/modules/juce_graphics/native/juce_mac_CoreGraphicsHelpers.h" />
		<Unit filename="juce/modules/juce_graphics/placement/juce_Justification.h" />
		<Unit filename="juce/modules/juce_graphics/placement/juce_RectanglePlacement.h" />
		<Unit filename="juce/modules/juce_gui_basics/application/juce_Application.h" />
		<Unit filename="juce/modules/juce_gui_basics/buttons/juce_ArrowButton.h" />
		<Unit filename="juce/modules/juce_gui_basics/buttons/juce_Button.h" />
		<Unit filename="juce/modules/juce_gui_basics/buttons/juce_DrawableButton.h" />
		<Unit filename="juce/modules/juce_gui_basics/buttons/juce_HyperlinkButton.h" />
		<Unit filename="juce/modules/juce_gui_basics/buttons/juce_ImageButton.h" />
		<Unit filename="juce/modules/juce_gui_basics/buttons/juce_ShapeButton.h" />
		<Unit filename="juce/modules/juce_gui_basics/buttons/juce_TextButton.h" />
		<Unit filename="juce/modules/juce_gui_basics/buttons/juce_ToggleButton.h" />
		<Unit filename="juce/modules/juce_gui_basics/buttons/juce_ToolbarButton.h" />
		<Unit filename="juce/modules/juce_gui_basics/commands/juce_ApplicationCommandID.h" />
		<Unit filename="juce/modules/juce_gui_basics/commands/juce_ApplicationCommandInfo.h" />
		<Unit filename="juce/modules/juce_gui_basics/commands/juce_ApplicationCommandManager.h" />
		<Unit filename="juce/modules/juce_gui_basics/commands/juce_ApplicationCommandTarget.h" />
		<Unit filename="juce/modules/juce_gui_basics/commands/juce_KeyPressMappingSet.h" />
		<Unit filename="juce/modules/juce_gui_basics/components/juce_CachedComponentImage.h" />
		<Unit filename="juce/modules/juce_gui_basics/components/juce_Component.h" />
		<Unit filename="juce/modules/juce_gui_basics/components/juce_ComponentListener.h" />
		<Unit filename="juce/modules/juce_gui_basics/components/juce_Desktop.h" />
		<Unit filename="juce/modules/juce_gui_basics/components/juce_ModalComponentManager.h" />
		<Unit filename="juce/modules/juce_gui_basics/drawables/juce_Drawable.h" />
		<Unit filename="juce/modules/juce_gui_basics/drawables/juce_DrawableComposite.h" />
		<Unit filename="juce/modules/juce_gui_basics/drawables/juce_DrawableImage.h" />
		<Unit filename="juce/modules/juce_gui_basics/drawables/juce_DrawablePath.h" />
		<Unit filename="juce/modules/juce_gui_basics/drawables/juce_DrawableRectangle.h" />
		<Unit filename="juce/modules/juce_gui_basics/drawables/juce_DrawableShape.h" />
		<Unit filename="juce/modules/juce_gui_basics/drawables/juce_DrawableText.h" />
		<Unit filename="juce/modules/juce_gui_basics/filebrowser/juce_DirectoryContentsDisplayComponent.h" />
		<Unit filename="juce/modules/juce_gui_basics/filebrowser/juce_DirectoryContentsList.h" />
		<Unit filename="juce/modules/juce_gui_basics/filebrowser/juce_FileBrowserComponent.h" />
		<Unit filename="juce/modules/juce_gui_basics/filebrowser/juce_FileBrowserListener.h" />
		<Unit filename="juce/modules/juce_gui_basics/filebrowser/juce_FileChooser.h" />
		<Unit filename="juce/modules/juce_gui_basics/filebrowser/juce_FileChooserDialogBox.h" />
		<Unit filename="juce/modules/juce_gui_basics/filebrowser/juce_FileFilter.h" />
		<Unit filename="juce/modules/juce_gui_basics/filebrowser/juce_FileListComponent.h" />
		<Unit filename="juce/modules/juce_gui_basics/filebrowser/juce_FilePreviewComponent.h" />
		<Unit filename="juce/modules/juce_gui_basics/filebrowser/juce_FileSearchPathListComponent.h" />
		<Unit filename="juce/modules/juce_gui_basics/filebrowser/juce_FileTreeComponent.h" />
		<Unit filename="juce/modules/juce_gui_basics/filebrowser/juce_FilenameComponent.h" />
		<Unit filename="juce/modules/juce_gui_basics/filebrowser/juce_ImagePreviewComponent.h" />
		<Unit filename="juce/modules/juce_gui_basics/filebrowser/juce_WildcardFileFilter.h" />
		<Unit filename="juce/modules/juce_gui_basics/juce_gui_basics.cpp" />
		<Unit filename="juce/modules/juce_gui_basics/juce_gui_basics.h" />
		<Unit filename="juce/modules/juce_gui_basics/keyboard/juce_CaretComponent.h" />
		<Unit filename="juce/modules/juce_gui_basics/keyboard/juce_KeyListener.h" />
		<Unit filename="juce/modules/juce_gui_basics/keyboard/juce_KeyPress.h" />
		<Unit filename="juce/modules/juce_gui_basics/keyboard/juce_KeyboardFocusTraverser.h" />
		<Unit filename="juce/modules/juce_gui_basics/keyboard/juce_ModifierKeys.h" />
		<Unit filename="juce/modules/juce_gui_basics/keyboard/juce_SystemClipboard.h" />
		<Unit filename="juce/modules/juce_gui_basics/keyboard/juce_TextEditorKeyMapper.h" />
		<Unit filename="juce/modules/juce_gui_basics/keyboard/juce_TextInputTarget.h" />
		<Unit filename="juce/modules/juce_gui_basics/layout/juce_AnimatedPosition.h" />
		<Unit filename="juce/modules/juce_gui_basics/layout/juce_AnimatedPositionBehaviours.h" />
		<Unit filename="juce/modules/juce_gui_basics/layout/juce_ComponentAnimator.h" />
		<Unit filename="juce/modules/juce_gui_basics/layout/juce_ComponentBoundsConstrainer.h" />
		<Unit filename="juce/modules/juce_gui_basics/layout/juce_ComponentBuilder.h" />
		<Unit filename="juce/modules/juce_gui_basics/layout/juce_ComponentMovementWatcher.h" />
		<Unit filename="juce/modules/juce_gui_basics/layout/juce_ConcertinaPanel.h" />
		<Unit filename="juce/modules/juce_gui_basics/layout/juce_GroupComponent.h" />
		<Unit filename="juce/modules/juce_gui_basics/layout/juce_MultiDocumentPanel.h" />
		<Unit filename="juce/modules/juce_gui_basics/layout/juce_ResizableBorderComponent.h" />
		<Unit filename="juce/modules/juce_gui_basics/layout/juce_ResizableCornerComponent.h" />
		<Unit filename="juce/modules/juce_gui_basics/layout/juce_ResizableEdgeComponent.h" />
		<Unit filename="juce/modules/juce_gui_basics/layout/juce_ScrollBar.h" />
		<Unit filename="juce/modules/juce_gui_basics/layout/juce_StretchableLayoutManager.h" />
		<Unit filename="juce/modules/juce_gui_basics/layout/juce_StretchableLayoutResizerBar.h" />
		<Unit filename="juce/modules/juce_gui_basics/layout/juce_StretchableObjectResizer.h" />
		<Unit filename="juce/modules/juce_gui_basics/layout/juce_TabbedButtonBar.h" />
		<Unit filename="juce/modules/juce_gui_basics/layout/juce_TabbedComponent.h" />
		<Unit filename="juce/modules/juce_gui_basics/layout/juce_Viewport.h" />
		<Unit filename="juce/modules/juce_gui_basics/lookandfeel/juce_LookAndFeel.h" />
		<Unit filename="juce/modules/juce_gui_basics/menus/juce_MenuBarComponent.h" />
		<Unit filename="juce/modules/juce_gui_basics/menus/juce_MenuBarModel.h" />
		<Unit filename="juce/modules/juce_gui_basics/menus/juce_PopupMenu.h" />
		<Unit filename="juce/modules/juce_gui_basics/misc/juce_BubbleComponent.h" />
		<Unit filename="juce/modules/juce_gui_basics/misc/juce_DropShadower.h" />
		<Unit filename="juce/modules/juce_gui_basics/mouse/juce_ComponentDragger.h" />
		<Unit filename="juce/modules/juce_gui_basics/mouse/juce_DragAndDropContainer.h" />
		<Unit filename="juce/modules/juce_gui_basics/mouse/juce_DragAndDropTarget.h" />
		<Unit filename="juce/modules/juce_gui_basics/mouse/juce_FileDragAndDropTarget.h" />
		<Unit filename="juce/modules/juce_gui_basics/mouse/juce_LassoComponent.h" />
		<Unit filename="juce/modules/juce_gui_basics/mouse/juce_MouseCursor.h" />
		<Unit filename="juce/modules/juce_gui_basics/mouse/juce_MouseEvent.h" />
		<Unit filename="juce/modules/juce_gui_basics/mouse/juce_MouseInactivityDetector.h" />
		<Unit filename="juce/modules/juce_gui_basics/mouse/juce_MouseInputSource.h" />
		<Unit filename="juce/modules/juce_gui_basics/mouse/juce_MouseListener.h" />
		<Unit filename="juce/modules/juce_gui_basics/mouse/juce_SelectedItemSet.h" />
		<Unit filename="juce/modules/juce_gui_basics/mouse/juce_TextDragAndDropTarget.h" />
		<Unit filename="juce/modules/juce_gui_basics/mouse/juce_TooltipClient.h" />
		<Unit filename="juce/modules/juce_gui_basics/native/juce_MultiTouchMapper.h" />
		<Unit filename="juce/modules/juce_gui_basics/positioning/juce_MarkerList.h" />
		<Unit filename="juce/modules/juce_gui_basics/positioning/juce_RelativeCoordinate.h" />
		<Unit filename="juce/modules/juce_gui_basics/positioning/juce_RelativeCoordinatePositioner.h" />
		<Unit filename="juce/modules/juce_gui_basics/positioning/juce_RelativeParallelogram.h" />
		<Unit filename="juce/modules/juce_gui_basics/positioning/juce_RelativePoint.h" />
		<Unit filename="juce/modules/juce_gui_basics/positioning/juce_RelativePointPath.h" />
		<Unit filename="juce/modules/juce_gui_basics/positioning/juce_RelativeRectangle.h" />
		<Unit filename="juce/modules/juce_gui_basics/properties/juce_BooleanPropertyComponent.h" />
		<Unit filename="juce/modules/juce_gui_basics/properties/juce_ButtonPropertyComponent.h" />
		<Unit filename="juce/modules/juce_gui_basics/properties/juce_ChoicePropertyComponent.h" />
		<Unit filename="juce/modules/juce_gui_basics/properties/juce_PropertyComponent.h" />
		<Unit filename="juce/modules/juce_gui_basics/properties/juce_PropertyPanel.h" />
		<Unit filename="juce/modules/juce_gui_basics/properties/juce_SliderPropertyComponent.h" />
		<Unit filename="juce/modules/juce_gui_basics/properties/juce_TextPropertyComponent.h" />
		<Unit filename="juce/modules/juce_gui_basics/widgets/juce_ComboBox.h" />
		<Unit filename="juce/modules/juce_gui_basics/widgets/juce_ImageComponent.h" />
		<Unit filename="juce/modules/juce_gui_basics/widgets/juce_Label.h" />
		<Unit filename="juce/modules/juce_gui_basics/widgets/juce_ListBox.h" />
		<Unit filename="juce/modules/juce_gui_basics/widgets/juce_ProgressBar.h" />
		<Unit filename="juce/modules/juce_gui_basics/widgets/juce_Slider.h" />
		<Unit filename="juce/modules/juce_gui_basics/widgets/juce_TableHeaderComponent.h" />
		<Unit filename="juce/modules/juce_gui_basics/widgets/juce_TableListBox.h" />
		<Unit filename="juce/modules/juce_gui_basics/widgets/juce_TextEditor.h" />
		<Unit filename="juce/modules/juce_gui_basics/widgets/juce_Toolbar.h" />
		<Unit filename="juce/modules/juce_gui_basics/widgets/juce_ToolbarItemComponent.h" />
		<Unit filename="juce/modules/juce_gui_basics/widgets/juce_ToolbarItemFactory.h" />
		<Unit filename="juce/modules/juce_gui_basics/widgets/juce_ToolbarItemPalette.h" />
		<Unit filename="juce/modules/juce_gui_basics/widgets/juce_TreeView.h" />
		<Unit filename="juce/modules/juce_gui_basics/windows/juce_AlertWindow.h" />
		<Unit filename="juce/modules/juce_gui_basics/windows/juce_CallOutBox.h" />
		<Unit filename="juce/modules/juce_gui_basics/windows/juce_ComponentPeer.h" />
		<Unit filename="juce/modules/juce_gui_basics/windows/juce_DialogWindow.h" />
		<Unit filename="juce/modules/juce_gui_basics/windows/juce_DocumentWindow.h" />
		<Unit filename="juce/modules/juce_gui_basics/windows/juce_NativeMessageBox.h" />
		<Unit filename="juce/modules/juce_gui_basics/windows/juce_ResizableWindow.h" />
		<Unit filename="juce/modules/juce_gui_basics/windows/juce_ThreadWithProgressWindow.h" />
		<Unit filename="juce/modules/juce_gui_basics/windows/juce_TooltipWindow.h" />
		<Unit filename="juce/modules/juce_gui_basics/windows/juce_TopLevelWindow.h" />
		<Unit filename="juce/modules/juce_gui_extra/code_editor/juce_CPlusPlusCodeTokeniser.h" />
		<Unit filename="juce/modules/juce_gui_extra/code_editor/juce_CPlusPlusCodeTokeniserFunctions.h" />
		<Unit filename="juce/modules/juce_gui_extra/code_editor/juce_CodeDocument.h" />
		<Unit filename="juce/modules/juce_gui_extra/code_editor/juce_CodeEditorComponent.h" />
		<Unit filename="juce/modules/juce_gui_extra/code_editor/juce_CodeTokeniser.h" />
		<Unit filename="juce/modules/juce_gui_extra/documents/juce_FileBasedDocument.h" />
		<Unit filename="juce/modules/juce_gui_extra/embedding/juce_ActiveXControlComponent.h" />
		<Unit filename="juce/modules/juce_gui_extra/embedding/juce_NSViewComponent.h" />
		<Unit filename="juce/modules/juce_gui_extra/embedding/juce_UIViewComponent.h" />
		<Unit filename="juce/modules/juce_gui_extra/juce_gui_extra.cpp" />
		<Unit filename="juce/modules/juce_gui_extra/juce_gui_extra.h" />
		<Unit filename="juce/modules/juce_gui_extra/lookandfeel/juce_OldSchoolLookAndFeel.h" />
		<Unit filename="juce/modules/juce_gui_extra/misc/juce_AppleRemote.h" />
		<Unit filename="juce/modules/juce_gui_extra/misc/juce_BubbleMessageComponent.h" />
		<Unit filename="juce/modules/juce_gui_extra/misc/juce_ColourSelector.h" />
		<Unit filename="juce/modules/juce_gui_extra/misc/juce_KeyMappingEditorComponent.h" />
		<Unit filename="juce/modules/juce_gui_extra/misc/juce_PreferencesPanel.h" />
		<Unit filename="juce/modules/juce_gui_extra/misc/juce_RecentlyOpenedFilesList.h" />
		<Unit filename="juce/modules/juce_gui_extra/misc/juce_SplashScreen.h" />
		<Unit filename="juce/modules/juce_gui_extra/misc/juce_SystemTrayIconComponent.h" />
		<Unit filename="juce/modules/juce_gui_extra/misc/juce_WebBrowserComponent.h" />
		<Unit filename="juce/modules/juce_gui_extra/native/juce_mac_CarbonViewWrapperComponent.h" />
		<Unit filename="juce/modules/juce_opengl/juce_opengl.h" />
		<Unit filename="juce/modules/juce_opengl/native/juce_MissingGLDefinitions.h" />
		<Unit filename="juce/modules/juce_opengl/native/juce_OpenGLExtensions.h" />
		<Unit filename="juce/modules/juce_opengl/native/juce_OpenGL_android.h" />
		<Unit filename="juce/modules/juce_opengl/native/juce_OpenGL_ios.h" />
		<Unit filename="juce/modules/juce_opengl/native/juce_OpenGL_linux.h" />
		<Unit filename="juce/modules/juce_opengl/native/juce_OpenGL_osx.h" />
		<Unit filename="juce/modules/juce_opengl/native/juce_OpenGL_win32.h" />
		<Unit filename="juce/modules/juce_opengl/opengl/juce_Draggable3DOrientation.h" />
		<Unit filename="juce/modules/juce_opengl/opengl/juce_Matrix3D.h" />
		<Unit filename="juce/modules/juce_opengl/opengl/juce_OpenGLContext.h" />
		<Unit filename="juce/modules/juce_opengl/opengl/juce_OpenGLFrameBuffer.h" />
		<Unit filename="juce/modules/juce_opengl/opengl/juce_OpenGLGraphicsContext.h" />
		<Unit filename="juce/modules/juce_opengl/opengl/juce_OpenGLHelpers.h" />
		<Unit filename="juce/modules/juce_opengl/opengl/juce_OpenGLImage.h" />
		<Unit filename="juce/modules/juce_opengl/opengl/juce_OpenGLPixelFormat.h" />
		<Unit filename="juce/modules/juce_opengl/opengl/juce_OpenGLRenderer.h" />
		<Unit filename="juce/modules/juce_opengl/opengl/juce_OpenGLShaderProgram.h" />
		<Unit filename="juce/modules/juce_opengl/opengl/juce_OpenGLTexture.h" />
		<Unit filename="juce/modules/juce_opengl/opengl/juce_Quaternion.h" />
		<Unit filename="juce/modules/juce_opengl/opengl/juce_Vector3D.h" />
		<Unit filename="juce/modules/juce_video/capture/juce_CameraDevice.h" />
		<Unit filename="juce/modules/juce_video/juce_video.h" />
		<Unit filename="juce/modules/juce_video/playback/juce_DirectShowComponent.h" />
		<Unit filename="juce/modules/juce_video/playback/juce_QuickTimeMovieComponent.h" />
		<Unit filename="libvlc/include/vlc/deprecated.h" />
		<Unit filename="libvlc/include/vlc/libvlc.h" />
		<Unit filename="libvlc/include/vlc/libvlc_events.h" />
		<Unit filename="libvlc/include/vlc/libvlc_internal.h" />
		<Unit filename="libvlc/include/vlc/libvlc_media.h" />
		<Unit filename="libvlc/include/vlc/libvlc_media_discoverer.h" />
		<Unit filename="libvlc/include/vlc/libvlc_media_library.h" />
		<Unit filename="libvlc/include/vlc/libvlc_media_list.h" />
		<Unit filename="libvlc/include/vlc/libvlc_media_list_player.h" />
		<Unit filename="libvlc/include/vlc/libvlc_media_player.h" />
		<Unit filename="libvlc/include/vlc/libvlc_structures.h" />
		<Unit filename="libvlc/include/vlc/libvlc_version.h" />
		<Unit filename="libvlc/include/vlc/libvlc_vlm.h" />
		<Unit filename="libvlc/include/vlc/plugins/vlc_about.h" />
		<Unit filename="libvlc/include/vlc/plugins/vlc_access.h" />
		<Unit filename="libvlc/include/vlc/plugins/vlc_acl.h" />
		<Unit filename="libvlc/include/vlc/plugins/vlc_aout.h" />
		<Unit filename="libvlc/include/vlc/plugins/vlc_aout_intf.h" />
		<Unit filename="libvlc/include/vlc/plugins/vlc_aout_mixer.h" />
		<Unit filename="libvlc/include/vlc/plugins/vlc_arrays.h" />
		<Unit filename="libvlc/include/vlc/plugins/vlc_art_finder.h" />
		<Unit filename="libvlc/include/vlc/plugins/vlc_atomic.h" />
		<Unit filename="libvlc/include/vlc/plugins/vlc_avcodec.h" />
		<Unit filename="libvlc/include/vlc/plugins/vlc_bits.h" />
		<Unit filename="libvlc/include/vlc/plugins/vlc_block.h" />
		<Unit filename="libvlc/include/vlc/plugins/vlc_block_helper.h" />
		<Unit filename="libvlc/include/vlc/plugins/vlc_charset.h" />
		<Unit filename="libvlc/include/vlc/plugins/vlc_codec.h" />
		<Unit filename="libvlc/include/vlc/plugins/vlc_common.h" />
		<Unit filename="libvlc/include/vlc/plugins/vlc_config.h" />
		<Unit filename="libvlc/include/vlc/plugins/vlc_config_cat.h" />
		<Unit filename="libvlc/include/vlc/plugins/vlc_configuration.h" />
		<Unit filename="libvlc/include/vlc/plugins/vlc_cpu.h" />
		<Unit filename="libvlc/include/vlc/plugins/vlc_demux.h" />
		<Unit filename="libvlc/include/vlc/plugins/vlc_dialog.h" />
		<Unit filename="libvlc/include/vlc/plugins/vlc_epg.h" />
		<Unit filename="libvlc/include/vlc/plugins/vlc_es.h" />
		<Unit filename="libvlc/include/vlc/plugins/vlc_es_out.h" />
		<Unit filename="libvlc/include/vlc/plugins/vlc_events.h" />
		<Unit filename="libvlc/include/vlc/plugins/vlc_filter.h" />
		<Unit filename="libvlc/include/vlc/plugins/vlc_fourcc.h" />
		<Unit filename="libvlc/include/vlc/plugins/vlc_fs.h" />
		<Unit filename="libvlc/include/vlc/plugins/vlc_gcrypt.h" />
		<Unit filename="libvlc/include/vlc/plugins/vlc_http.h" />
		<Unit filename="libvlc/include/vlc/plugins/vlc_httpd.h" />
		<Unit filename="libvlc/include/vlc/plugins/vlc_image.h" />
		<Unit filename="libvlc/include/vlc/plugins/vlc_inhibit.h" />
		<Unit filename="libvlc/include/vlc/plugins/vlc_input.h" />
		<Unit filename="libvlc/include/vlc/plugins/vlc_input_item.h" />
		<Unit filename="libvlc/include/vlc/plugins/vlc_main.h" />
		<Unit filename="libvlc/include/vlc/plugins/vlc_md5.h" />
		<Unit filename="libvlc/include/vlc/plugins/vlc_media_library.h" />
		<Unit filename="libvlc/include/vlc/plugins/vlc_messages.h" />
		<Unit filename="libvlc/include/vlc/plugins/vlc_meta.h" />
		<Unit filename="libvlc/include/vlc/plugins/vlc_modules.h" />
		<Unit filename="libvlc/include/vlc/plugins/vlc_mouse.h" />
		<Unit filename="libvlc/include/vlc/plugins/vlc_mtime.h" />
		<Unit filename="libvlc/include/vlc/plugins/vlc_network.h" />
		<Unit filename="libvlc/include/vlc/plugins/vlc_objects.h" />
		<Unit filename="libvlc/include/vlc/plugins/vlc_opengl.h" />
		<Unit filename="libvlc/include/vlc/plugins/vlc_picture.h" />
		<Unit filename="libvlc/include/vlc/plugins/vlc_picture_fifo.h" />
		<Unit filename="libvlc/include/vlc/plugins/vlc_picture_pool.h" />
		<Unit filename="libvlc/include/vlc/plugins/vlc_playlist.h" />
		<Unit filename="libvlc/include/vlc/plugins/vlc_plugin.h" />
		<Unit filename="libvlc/include/vlc/plugins/vlc_probe.h" />
		<Unit filename="libvlc/include/vlc/plugins/vlc_rand.h" />
		<Unit filename="libvlc/include/vlc/plugins/vlc_services_discovery.h" />
		<Unit filename="libvlc/include/vlc/plugins/vlc_sout.h" />
		<Unit filename="libvlc/include/vlc/plugins/vlc_spu.h" />
		<Unit filename="libvlc/include/vlc/plugins/vlc_sql.h" />
		<Unit filename="libvlc/include/vlc/plugins/vlc_stream.h" />
		<Unit filename="libvlc/include/vlc/plugins/vlc_strings.h" />
		<Unit filename="libvlc/include/vlc/plugins/vlc_subpicture.h" />
		<Unit filename="libvlc/include/vlc/plugins/vlc_text_style.h" />
		<Unit filename="libvlc/include/vlc/plugins/vlc_threads.h" />
		<Unit filename="libvlc/include/vlc/plugins/vlc_tls.h" />
		<Unit filename="libvlc/include/vlc/plugins/vlc_url.h" />
		<Unit filename="libvlc/include/vlc/plugins/vlc_variables.h" />
		<Unit filename="libvlc/include/vlc/plugins/vlc_video_splitter.h" />
		<Unit filename="libvlc/include/vlc/plugins/vlc_vlm.h" />
		<Unit filename="libvlc/include/vlc/plugins/vlc_vout.h" />
		<Unit filename="libvlc/include/vlc/plugins/vlc_vout_display.h" />
		<Unit filename="libvlc/include/vlc/plugins/vlc_vout_osd.h" />
		<Unit filename="libvlc/include/vlc/plugins/vlc_vout_window.h" />
		<Unit filename="libvlc/include/vlc/plugins/vlc_xlib.h" />
		<Unit filename="libvlc/include/vlc/plugins/vlc_xml.h" />
		<Unit filename="libvlc/include/vlc/vlc.h" />
		<Unit filename="src/AbstractMenu.h" />
		<Unit filename="src/AppProportionnalComponent.cpp" />
		<Unit filename="src/AppProportionnalComponent.h" />
		<Unit filename="src/ControlComponent.cpp" />
		<Unit filename="src/ControlComponent.h" />
		<Unit filename="src/Execute.cpp" />
		<Unit filename="src/Execute.h" />
		<Unit filename="src/FileSorter.cpp" />
		<Unit filename="src/FileSorter.h" />
		<Unit filename="src/FontSerialization.cpp" />
		<Unit filename="src/FontSerialization.h" />
		<Unit filename="src/HueSelector.h" />
		<Unit filename="src/IconMenu.cpp" />
		<Unit filename="src/IconMenu.h" />
		<Unit filename="src/Icons.cpp" />
		<Unit filename="src/Icons.h" />
		<Unit filename="src/ImageCatalog.cpp" />
		<Unit filename="src/ImageCatalog.h" />
		<Unit filename="src/ImageCatalogCache.cpp" />
		<Unit filename="src/ImageCatalogCache.h" />
		<Unit filename="src/InvokeLater.cpp" />
		<Unit filename="src/InvokeLater.h" />
		<Unit filename="src/Languages.cpp" />
		<Unit filename="src/Languages.h" />
		<Unit filename="src/LookNFeel.h" />
		<Unit filename="src/Main.cpp" />
		<Unit filename="src/MenuBase.cpp" />
		<Unit filename="src/MenuBase.h" />
		<Unit filename="src/MenuComponent.cpp" />
		<Unit filename="src/MenuComponent.h" />
		<Unit filename="src/MenuTree.cpp" />
		<Unit filename="src/MenuTree.h" />
		<Unit filename="src/PosterFinder.cpp" />
		<Unit filename="src/PosterFinder.h" />
		<Unit filename="src/Thumbnailer.cpp" />
		<Unit filename="src/Thumbnailer.h" />
		<Unit filename="src/VLCWrapper.cpp" />
		<Unit filename="src/VLCWrapper.h" />
		<Unit filename="src/VideoComponent.cpp" />
		<Unit filename="src/VideoComponent.h" />
		<Unit filename="src/WeblySleekFont.cpp" />
		<Unit filename="src/WeblySleekFont.h" />
		<Unit filename="src/resources.rc">
			<Option compilerVar="WINDRES" />
		</Unit>
		<Unit filename="src/vlc.ico" />
		<Extensions>
			<code_completion />
			<envvars />
			<debugger />
		</Extensions>
	</Project>
</CodeBlocks_project_file>
