<?xml version="1.0" encoding="utf-8"?>
<Project ToolsVersion="4.0" xmlns="http://schemas.microsoft.com/developer/msbuild/2003">
  <ItemGroup>
    <Filter Include="Source Files">
      <UniqueIdentifier>{4FC737F1-C7A5-4376-A066-2A32D752A2FF}</UniqueIdentifier>
      <Extensions>cpp;c;cc;cxx;def;odl;idl;hpj;bat;asm;asmx</Extensions>
    </Filter>
    <Filter Include="Header Files">
      <UniqueIdentifier>{93995380-89BD-4b04-88EB-625FBE52EBFB}</UniqueIdentifier>
      <Extensions>h;hpp;hxx;hm;inl;inc;xsd</Extensions>
    </Filter>
    <Filter Include="Resource Files">
      <UniqueIdentifier>{67DA6AB6-F800-4c08-8B7A-83BB121AAD01}</UniqueIdentifier>
      <Extensions>rc;ico;cur;bmp;dlg;rc2;rct;bin;rgs;gif;jpg;jpeg;jpe;resx;tiff;tif;png;wav</Extensions>
    </Filter>
    <Filter Include="Header Files\vlc">
      <UniqueIdentifier>{fbf9cc6b-4c24-4b57-bf96-a4b9a268abcd}</UniqueIdentifier>
    </Filter>
    <Filter Include="Header Files\juce">
      <UniqueIdentifier>{88761ae6-3545-41de-8203-272a5cb8ee6f}</UniqueIdentifier>
    </Filter>
    <Filter Include="Source Files\juce">
      <UniqueIdentifier>{d3ac371c-ec32-4bab-a5e6-245b824e079d}</UniqueIdentifier>
    </Filter>
    <Filter Include="Header Files\vf">
      <UniqueIdentifier>{5362d050-1768-4afc-b44d-e7c38b487c3f}</UniqueIdentifier>
    </Filter>
    <Filter Include="Source Files\vf">
      <UniqueIdentifier>{262e25f8-1d35-444b-a26d-5fc6ffd22f94}</UniqueIdentifier>
    </Filter>
    <Filter Include="Header Files\boost">
      <UniqueIdentifier>{bc51eac5-de2e-4b3b-8850-af4ad72a1381}</UniqueIdentifier>
    </Filter>
  </ItemGroup>
  <ItemGroup>
    <ClCompile Include="src\Execute.cpp">
      <Filter>Source Files</Filter>
    </ClCompile>
    <ClCompile Include="src\Main.cpp">
      <Filter>Source Files</Filter>
    </ClCompile>
    <ClCompile Include="src\VLCWrapper.cpp">
      <Filter>Source Files</Filter>
    </ClCompile>
    <ClCompile Include="vf\modules\vf_concurrent\vf_concurrent.cpp">
      <Filter>Source Files\vf</Filter>
    </ClCompile>
    <ClCompile Include="vf\modules\vf_core\vf_core.cpp">
      <Filter>Source Files\vf</Filter>
    </ClCompile>
    <ClCompile Include="juce\modules\juce_core\juce_core.cpp">
      <Filter>Source Files\juce</Filter>
    </ClCompile>
    <ClCompile Include="juce\modules\juce_data_structures\juce_data_structures.cpp">
      <Filter>Source Files\juce</Filter>
    </ClCompile>
    <ClCompile Include="juce\modules\juce_events\juce_events.cpp">
      <Filter>Source Files\juce</Filter>
    </ClCompile>
    <ClCompile Include="juce\modules\juce_graphics\juce_graphics.cpp">
      <Filter>Source Files\juce</Filter>
    </ClCompile>
    <ClCompile Include="juce\modules\juce_gui_basics\juce_gui_basics.cpp">
      <Filter>Source Files\juce</Filter>
    </ClCompile>
    <ClCompile Include="juce\modules\juce_gui_extra\juce_gui_extra.cpp">
      <Filter>Source Files\juce</Filter>
    </ClCompile>
    <ClCompile Include="src\VideoComponent.cpp">
      <Filter>Source Files</Filter>
    </ClCompile>
    <ClCompile Include="src\Icons.cpp">
      <Filter>Source Files</Filter>
    </ClCompile>
    <ClCompile Include="src\FontResource.cpp">
      <Filter>Source Files</Filter>
    </ClCompile>
    <ClCompile Include="src\VLCMenu.cpp">
      <Filter>Source Files</Filter>
    </ClCompile>
    <ClCompile Include="src\MenuTree.cpp">
      <Filter>Source Files</Filter>
    </ClCompile>
    <ClCompile Include="src\FontSerialization.cpp">
      <Filter>Source Files</Filter>
    </ClCompile>
  </ItemGroup>
  <ItemGroup>
    <ClInclude Include="src\Execute.h">
      <Filter>Header Files</Filter>
    </ClInclude>
    <ClInclude Include="src\VLCWrapper.h">
      <Filter>Header Files</Filter>
    </ClInclude>
    <ClInclude Include="libvlc\include\vlc\deprecated.h">
      <Filter>Header Files\vlc</Filter>
    </ClInclude>
    <ClInclude Include="libvlc\include\vlc\libvlc.h">
      <Filter>Header Files\vlc</Filter>
    </ClInclude>
    <ClInclude Include="libvlc\include\vlc\libvlc_vlm.h">
      <Filter>Header Files\vlc</Filter>
    </ClInclude>
    <ClInclude Include="libvlc\include\vlc\libvlc_events.h">
      <Filter>Header Files\vlc</Filter>
    </ClInclude>
    <ClInclude Include="libvlc\include\vlc\libvlc_media.h">
      <Filter>Header Files\vlc</Filter>
    </ClInclude>
    <ClInclude Include="libvlc\include\vlc\libvlc_media_discoverer.h">
      <Filter>Header Files\vlc</Filter>
    </ClInclude>
    <ClInclude Include="libvlc\include\vlc\libvlc_media_library.h">
      <Filter>Header Files\vlc</Filter>
    </ClInclude>
    <ClInclude Include="libvlc\include\vlc\libvlc_media_list.h">
      <Filter>Header Files\vlc</Filter>
    </ClInclude>
    <ClInclude Include="libvlc\include\vlc\libvlc_media_list_player.h">
      <Filter>Header Files\vlc</Filter>
    </ClInclude>
    <ClInclude Include="libvlc\include\vlc\libvlc_media_player.h">
      <Filter>Header Files\vlc</Filter>
    </ClInclude>
    <ClInclude Include="libvlc\include\vlc\libvlc_structures.h">
      <Filter>Header Files\vlc</Filter>
    </ClInclude>
    <ClInclude Include="libvlc\include\vlc\libvlc_version.h">
      <Filter>Header Files\vlc</Filter>
    </ClInclude>
    <ClInclude Include="libvlc\include\vlc\vlc.h">
      <Filter>Header Files\vlc</Filter>
    </ClInclude>
    <ClInclude Include="libvlc\include\vlc\plugins\vlc_xml.h">
      <Filter>Header Files\vlc</Filter>
    </ClInclude>
    <ClInclude Include="libvlc\include\vlc\plugins\vlc_about.h">
      <Filter>Header Files\vlc</Filter>
    </ClInclude>
    <ClInclude Include="libvlc\include\vlc\plugins\vlc_access.h">
      <Filter>Header Files\vlc</Filter>
    </ClInclude>
    <ClInclude Include="libvlc\include\vlc\plugins\vlc_acl.h">
      <Filter>Header Files\vlc</Filter>
    </ClInclude>
    <ClInclude Include="libvlc\include\vlc\plugins\vlc_aout.h">
      <Filter>Header Files\vlc</Filter>
    </ClInclude>
    <ClInclude Include="libvlc\include\vlc\plugins\vlc_aout_intf.h">
      <Filter>Header Files\vlc</Filter>
    </ClInclude>
    <ClInclude Include="libvlc\include\vlc\plugins\vlc_aout_mixer.h">
      <Filter>Header Files\vlc</Filter>
    </ClInclude>
    <ClInclude Include="libvlc\include\vlc\plugins\vlc_arrays.h">
      <Filter>Header Files\vlc</Filter>
    </ClInclude>
    <ClInclude Include="libvlc\include\vlc\plugins\vlc_art_finder.h">
      <Filter>Header Files\vlc</Filter>
    </ClInclude>
    <ClInclude Include="libvlc\include\vlc\plugins\vlc_atomic.h">
      <Filter>Header Files\vlc</Filter>
    </ClInclude>
    <ClInclude Include="libvlc\include\vlc\plugins\vlc_avcodec.h">
      <Filter>Header Files\vlc</Filter>
    </ClInclude>
    <ClInclude Include="libvlc\include\vlc\plugins\vlc_bits.h">
      <Filter>Header Files\vlc</Filter>
    </ClInclude>
    <ClInclude Include="libvlc\include\vlc\plugins\vlc_block.h">
      <Filter>Header Files\vlc</Filter>
    </ClInclude>
    <ClInclude Include="libvlc\include\vlc\plugins\vlc_block_helper.h">
      <Filter>Header Files\vlc</Filter>
    </ClInclude>
    <ClInclude Include="libvlc\include\vlc\plugins\vlc_charset.h">
      <Filter>Header Files\vlc</Filter>
    </ClInclude>
    <ClInclude Include="libvlc\include\vlc\plugins\vlc_codec.h">
      <Filter>Header Files\vlc</Filter>
    </ClInclude>
    <ClInclude Include="libvlc\include\vlc\plugins\vlc_common.h">
      <Filter>Header Files\vlc</Filter>
    </ClInclude>
    <ClInclude Include="libvlc\include\vlc\plugins\vlc_config.h">
      <Filter>Header Files\vlc</Filter>
    </ClInclude>
    <ClInclude Include="libvlc\include\vlc\plugins\vlc_config_cat.h">
      <Filter>Header Files\vlc</Filter>
    </ClInclude>
    <ClInclude Include="libvlc\include\vlc\plugins\vlc_configuration.h">
      <Filter>Header Files\vlc</Filter>
    </ClInclude>
    <ClInclude Include="libvlc\include\vlc\plugins\vlc_cpu.h">
      <Filter>Header Files\vlc</Filter>
    </ClInclude>
    <ClInclude Include="libvlc\include\vlc\plugins\vlc_demux.h">
      <Filter>Header Files\vlc</Filter>
    </ClInclude>
    <ClInclude Include="libvlc\include\vlc\plugins\vlc_dialog.h">
      <Filter>Header Files\vlc</Filter>
    </ClInclude>
    <ClInclude Include="libvlc\include\vlc\plugins\vlc_epg.h">
      <Filter>Header Files\vlc</Filter>
    </ClInclude>
    <ClInclude Include="libvlc\include\vlc\plugins\vlc_es.h">
      <Filter>Header Files\vlc</Filter>
    </ClInclude>
    <ClInclude Include="libvlc\include\vlc\plugins\vlc_es_out.h">
      <Filter>Header Files\vlc</Filter>
    </ClInclude>
    <ClInclude Include="libvlc\include\vlc\plugins\vlc_events.h">
      <Filter>Header Files\vlc</Filter>
    </ClInclude>
    <ClInclude Include="libvlc\include\vlc\plugins\vlc_filter.h">
      <Filter>Header Files\vlc</Filter>
    </ClInclude>
    <ClInclude Include="libvlc\include\vlc\plugins\vlc_fourcc.h">
      <Filter>Header Files\vlc</Filter>
    </ClInclude>
    <ClInclude Include="libvlc\include\vlc\plugins\vlc_fs.h">
      <Filter>Header Files\vlc</Filter>
    </ClInclude>
    <ClInclude Include="libvlc\include\vlc\plugins\vlc_gcrypt.h">
      <Filter>Header Files\vlc</Filter>
    </ClInclude>
    <ClInclude Include="libvlc\include\vlc\plugins\vlc_http.h">
      <Filter>Header Files\vlc</Filter>
    </ClInclude>
    <ClInclude Include="libvlc\include\vlc\plugins\vlc_httpd.h">
      <Filter>Header Files\vlc</Filter>
    </ClInclude>
    <ClInclude Include="libvlc\include\vlc\plugins\vlc_image.h">
      <Filter>Header Files\vlc</Filter>
    </ClInclude>
    <ClInclude Include="libvlc\include\vlc\plugins\vlc_inhibit.h">
      <Filter>Header Files\vlc</Filter>
    </ClInclude>
    <ClInclude Include="libvlc\include\vlc\plugins\vlc_input.h">
      <Filter>Header Files\vlc</Filter>
    </ClInclude>
    <ClInclude Include="libvlc\include\vlc\plugins\vlc_input_item.h">
      <Filter>Header Files\vlc</Filter>
    </ClInclude>
    <ClInclude Include="libvlc\include\vlc\plugins\vlc_main.h">
      <Filter>Header Files\vlc</Filter>
    </ClInclude>
    <ClInclude Include="libvlc\include\vlc\plugins\vlc_md5.h">
      <Filter>Header Files\vlc</Filter>
    </ClInclude>
    <ClInclude Include="libvlc\include\vlc\plugins\vlc_media_library.h">
      <Filter>Header Files\vlc</Filter>
    </ClInclude>
    <ClInclude Include="libvlc\include\vlc\plugins\vlc_messages.h">
      <Filter>Header Files\vlc</Filter>
    </ClInclude>
    <ClInclude Include="libvlc\include\vlc\plugins\vlc_meta.h">
      <Filter>Header Files\vlc</Filter>
    </ClInclude>
    <ClInclude Include="libvlc\include\vlc\plugins\vlc_modules.h">
      <Filter>Header Files\vlc</Filter>
    </ClInclude>
    <ClInclude Include="libvlc\include\vlc\plugins\vlc_mouse.h">
      <Filter>Header Files\vlc</Filter>
    </ClInclude>
    <ClInclude Include="libvlc\include\vlc\plugins\vlc_mtime.h">
      <Filter>Header Files\vlc</Filter>
    </ClInclude>
    <ClInclude Include="libvlc\include\vlc\plugins\vlc_network.h">
      <Filter>Header Files\vlc</Filter>
    </ClInclude>
    <ClInclude Include="libvlc\include\vlc\plugins\vlc_objects.h">
      <Filter>Header Files\vlc</Filter>
    </ClInclude>
    <ClInclude Include="libvlc\include\vlc\plugins\vlc_opengl.h">
      <Filter>Header Files\vlc</Filter>
    </ClInclude>
    <ClInclude Include="libvlc\include\vlc\plugins\vlc_picture.h">
      <Filter>Header Files\vlc</Filter>
    </ClInclude>
    <ClInclude Include="libvlc\include\vlc\plugins\vlc_picture_fifo.h">
      <Filter>Header Files\vlc</Filter>
    </ClInclude>
    <ClInclude Include="libvlc\include\vlc\plugins\vlc_picture_pool.h">
      <Filter>Header Files\vlc</Filter>
    </ClInclude>
    <ClInclude Include="libvlc\include\vlc\plugins\vlc_playlist.h">
      <Filter>Header Files\vlc</Filter>
    </ClInclude>
    <ClInclude Include="libvlc\include\vlc\plugins\vlc_plugin.h">
      <Filter>Header Files\vlc</Filter>
    </ClInclude>
    <ClInclude Include="libvlc\include\vlc\plugins\vlc_probe.h">
      <Filter>Header Files\vlc</Filter>
    </ClInclude>
    <ClInclude Include="libvlc\include\vlc\plugins\vlc_rand.h">
      <Filter>Header Files\vlc</Filter>
    </ClInclude>
    <ClInclude Include="libvlc\include\vlc\plugins\vlc_services_discovery.h">
      <Filter>Header Files\vlc</Filter>
    </ClInclude>
    <ClInclude Include="libvlc\include\vlc\plugins\vlc_sout.h">
      <Filter>Header Files\vlc</Filter>
    </ClInclude>
    <ClInclude Include="libvlc\include\vlc\plugins\vlc_spu.h">
      <Filter>Header Files\vlc</Filter>
    </ClInclude>
    <ClInclude Include="libvlc\include\vlc\plugins\vlc_sql.h">
      <Filter>Header Files\vlc</Filter>
    </ClInclude>
    <ClInclude Include="libvlc\include\vlc\plugins\vlc_stream.h">
      <Filter>Header Files\vlc</Filter>
    </ClInclude>
    <ClInclude Include="libvlc\include\vlc\plugins\vlc_strings.h">
      <Filter>Header Files\vlc</Filter>
    </ClInclude>
    <ClInclude Include="libvlc\include\vlc\plugins\vlc_subpicture.h">
      <Filter>Header Files\vlc</Filter>
    </ClInclude>
    <ClInclude Include="libvlc\include\vlc\plugins\vlc_text_style.h">
      <Filter>Header Files\vlc</Filter>
    </ClInclude>
    <ClInclude Include="libvlc\include\vlc\plugins\vlc_threads.h">
      <Filter>Header Files\vlc</Filter>
    </ClInclude>
    <ClInclude Include="libvlc\include\vlc\plugins\vlc_tls.h">
      <Filter>Header Files\vlc</Filter>
    </ClInclude>
    <ClInclude Include="libvlc\include\vlc\plugins\vlc_url.h">
      <Filter>Header Files\vlc</Filter>
    </ClInclude>
    <ClInclude Include="libvlc\include\vlc\plugins\vlc_variables.h">
      <Filter>Header Files\vlc</Filter>
    </ClInclude>
    <ClInclude Include="libvlc\include\vlc\plugins\vlc_video_splitter.h">
      <Filter>Header Files\vlc</Filter>
    </ClInclude>
    <ClInclude Include="libvlc\include\vlc\plugins\vlc_vlm.h">
      <Filter>Header Files\vlc</Filter>
    </ClInclude>
    <ClInclude Include="libvlc\include\vlc\plugins\vlc_vout.h">
      <Filter>Header Files\vlc</Filter>
    </ClInclude>
    <ClInclude Include="libvlc\include\vlc\plugins\vlc_vout_display.h">
      <Filter>Header Files\vlc</Filter>
    </ClInclude>
    <ClInclude Include="libvlc\include\vlc\plugins\vlc_vout_osd.h">
      <Filter>Header Files\vlc</Filter>
    </ClInclude>
    <ClInclude Include="libvlc\include\vlc\plugins\vlc_vout_window.h">
      <Filter>Header Files\vlc</Filter>
    </ClInclude>
    <ClInclude Include="libvlc\include\vlc\plugins\vlc_xlib.h">
      <Filter>Header Files\vlc</Filter>
    </ClInclude>
    <ClInclude Include="juce\AppConfig.h">
      <Filter>Header Files\juce</Filter>
    </ClInclude>
    <ClInclude Include="juce\juce.h">
      <Filter>Header Files\juce</Filter>
    </ClInclude>
    <ClInclude Include="vf\modules\vf_core\vf_core.h">
      <Filter>Header Files\vf</Filter>
    </ClInclude>
    <ClInclude Include="vf\modules\vf_concurrent\vf_concurrent.h">
      <Filter>Header Files\vf</Filter>
    </ClInclude>
    <ClInclude Include="src\LookNFeel.h">
      <Filter>Header Files</Filter>
    </ClInclude>
    <ClInclude Include="src\FontSerialization.h">
      <Filter>Header Files</Filter>
    </ClInclude>
    <ClInclude Include="src\AppProportionnalComponent.h">
      <Filter>Header Files</Filter>
    </ClInclude>
    <ClInclude Include="src\VideoComponent.h">
      <Filter>Header Files</Filter>
    </ClInclude>
    <ClInclude Include="src\Icons.h">
      <Filter>Header Files</Filter>
    </ClInclude>
    <ClInclude Include="boost\include\boost\aligned_storage.hpp">
      <Filter>Header Files\boost</Filter>
    </ClInclude>
    <ClInclude Include="boost\include\boost\any.hpp">
      <Filter>Header Files\boost</Filter>
    </ClInclude>
    <ClInclude Include="boost\include\boost\array.hpp">
      <Filter>Header Files\boost</Filter>
    </ClInclude>
    <ClInclude Include="boost\include\boost\asio.hpp">
      <Filter>Header Files\boost</Filter>
    </ClInclude>
    <ClInclude Include="boost\include\boost\assert.hpp">
      <Filter>Header Files\boost</Filter>
    </ClInclude>
    <ClInclude Include="boost\include\boost\assign.hpp">
      <Filter>Header Files\boost</Filter>
    </ClInclude>
    <ClInclude Include="boost\include\boost\bimap.hpp">
      <Filter>Header Files\boost</Filter>
    </ClInclude>
    <ClInclude Include="boost\include\boost\bind.hpp">
      <Filter>Header Files\boost</Filter>
    </ClInclude>
    <ClInclude Include="boost\include\boost\blank.hpp">
      <Filter>Header Files\boost</Filter>
    </ClInclude>
    <ClInclude Include="boost\include\boost\blank_fwd.hpp">
      <Filter>Header Files\boost</Filter>
    </ClInclude>
    <ClInclude Include="boost\include\boost\call_traits.hpp">
      <Filter>Header Files\boost</Filter>
    </ClInclude>
    <ClInclude Include="boost\include\boost\cast.hpp">
      <Filter>Header Files\boost</Filter>
    </ClInclude>
    <ClInclude Include="boost\include\boost\cerrno.hpp">
      <Filter>Header Files\boost</Filter>
    </ClInclude>
    <ClInclude Include="boost\include\boost\checked_delete.hpp">
      <Filter>Header Files\boost</Filter>
    </ClInclude>
    <ClInclude Include="boost\include\boost\circular_buffer.hpp">
      <Filter>Header Files\boost</Filter>
    </ClInclude>
    <ClInclude Include="boost\include\boost\circular_buffer_fwd.hpp">
      <Filter>Header Files\boost</Filter>
    </ClInclude>
    <ClInclude Include="boost\include\boost\compressed_pair.hpp">
      <Filter>Header Files\boost</Filter>
    </ClInclude>
    <ClInclude Include="boost\include\boost\concept_archetype.hpp">
      <Filter>Header Files\boost</Filter>
    </ClInclude>
    <ClInclude Include="boost\include\boost\concept_check.hpp">
      <Filter>Header Files\boost</Filter>
    </ClInclude>
    <ClInclude Include="boost\include\boost\config.hpp">
      <Filter>Header Files\boost</Filter>
    </ClInclude>
    <ClInclude Include="boost\include\boost\crc.hpp">
      <Filter>Header Files\boost</Filter>
    </ClInclude>
    <ClInclude Include="boost\include\boost\cregex.hpp">
      <Filter>Header Files\boost</Filter>
    </ClInclude>
    <ClInclude Include="boost\include\boost\cstdint.hpp">
      <Filter>Header Files\boost</Filter>
    </ClInclude>
    <ClInclude Include="boost\include\boost\cstdlib.hpp">
      <Filter>Header Files\boost</Filter>
    </ClInclude>
    <ClInclude Include="boost\include\boost\current_function.hpp">
      <Filter>Header Files\boost</Filter>
    </ClInclude>
    <ClInclude Include="boost\include\boost\date_time.hpp">
      <Filter>Header Files\boost</Filter>
    </ClInclude>
    <ClInclude Include="boost\include\boost\dynamic_bitset.hpp">
      <Filter>Header Files\boost</Filter>
    </ClInclude>
    <ClInclude Include="boost\include\boost\dynamic_bitset_fwd.hpp">
      <Filter>Header Files\boost</Filter>
    </ClInclude>
    <ClInclude Include="boost\include\boost\enable_shared_from_this.hpp">
      <Filter>Header Files\boost</Filter>
    </ClInclude>
    <ClInclude Include="boost\include\boost\exception.hpp">
      <Filter>Header Files\boost</Filter>
    </ClInclude>
    <ClInclude Include="boost\include\boost\exception_ptr.hpp">
      <Filter>Header Files\boost</Filter>
    </ClInclude>
    <ClInclude Include="boost\include\boost\filesystem.hpp">
      <Filter>Header Files\boost</Filter>
    </ClInclude>
    <ClInclude Include="boost\include\boost\flyweight.hpp">
      <Filter>Header Files\boost</Filter>
    </ClInclude>
    <ClInclude Include="boost\include\boost\foreach.hpp">
      <Filter>Header Files\boost</Filter>
    </ClInclude>
    <ClInclude Include="boost\include\boost\format.hpp">
      <Filter>Header Files\boost</Filter>
    </ClInclude>
    <ClInclude Include="boost\include\boost\function.hpp">
      <Filter>Header Files\boost</Filter>
    </ClInclude>
    <ClInclude Include="boost\include\boost\function_equal.hpp">
      <Filter>Header Files\boost</Filter>
    </ClInclude>
    <ClInclude Include="boost\include\boost\function_output_iterator.hpp">
      <Filter>Header Files\boost</Filter>
    </ClInclude>
    <ClInclude Include="boost\include\boost\functional.hpp">
      <Filter>Header Files\boost</Filter>
    </ClInclude>
    <ClInclude Include="boost\include\boost\generator_iterator.hpp">
      <Filter>Header Files\boost</Filter>
    </ClInclude>
    <ClInclude Include="boost\include\boost\get_pointer.hpp">
      <Filter>Header Files\boost</Filter>
    </ClInclude>
    <ClInclude Include="boost\include\boost\implicit_cast.hpp">
      <Filter>Header Files\boost</Filter>
    </ClInclude>
    <ClInclude Include="boost\include\boost\indirect_reference.hpp">
      <Filter>Header Files\boost</Filter>
    </ClInclude>
    <ClInclude Include="boost\include\boost\integer.hpp">
      <Filter>Header Files\boost</Filter>
    </ClInclude>
    <ClInclude Include="boost\include\boost\integer_fwd.hpp">
      <Filter>Header Files\boost</Filter>
    </ClInclude>
    <ClInclude Include="boost\include\boost\integer_traits.hpp">
      <Filter>Header Files\boost</Filter>
    </ClInclude>
    <ClInclude Include="boost\include\boost\intrusive_ptr.hpp">
      <Filter>Header Files\boost</Filter>
    </ClInclude>
    <ClInclude Include="boost\include\boost\io_fwd.hpp">
      <Filter>Header Files\boost</Filter>
    </ClInclude>
    <ClInclude Include="boost\include\boost\is_placeholder.hpp">
      <Filter>Header Files\boost</Filter>
    </ClInclude>
    <ClInclude Include="boost\include\boost\iterator.hpp">
      <Filter>Header Files\boost</Filter>
    </ClInclude>
    <ClInclude Include="boost\include\boost\iterator_adaptors.hpp">
      <Filter>Header Files\boost</Filter>
    </ClInclude>
    <ClInclude Include="boost\include\boost\last_value.hpp">
      <Filter>Header Files\boost</Filter>
    </ClInclude>
    <ClInclude Include="boost\include\boost\lexical_cast.hpp">
      <Filter>Header Files\boost</Filter>
    </ClInclude>
    <ClInclude Include="boost\include\boost\limits.hpp">
      <Filter>Header Files\boost</Filter>
    </ClInclude>
    <ClInclude Include="boost\include\boost\make_shared.hpp">
      <Filter>Header Files\boost</Filter>
    </ClInclude>
    <ClInclude Include="boost\include\boost\math_fwd.hpp">
      <Filter>Header Files\boost</Filter>
    </ClInclude>
    <ClInclude Include="boost\include\boost\mem_fn.hpp">
      <Filter>Header Files\boost</Filter>
    </ClInclude>
    <ClInclude Include="boost\include\boost\memory_order.hpp">
      <Filter>Header Files\boost</Filter>
    </ClInclude>
    <ClInclude Include="boost\include\boost\mpi.hpp">
      <Filter>Header Files\boost</Filter>
    </ClInclude>
    <ClInclude Include="boost\include\boost\multi_array.hpp">
      <Filter>Header Files\boost</Filter>
    </ClInclude>
    <ClInclude Include="boost\include\boost\multi_index_container.hpp">
      <Filter>Header Files\boost</Filter>
    </ClInclude>
    <ClInclude Include="boost\include\boost\multi_index_container_fwd.hpp">
      <Filter>Header Files\boost</Filter>
    </ClInclude>
    <ClInclude Include="boost\include\boost\next_prior.hpp">
      <Filter>Header Files\boost</Filter>
    </ClInclude>
    <ClInclude Include="boost\include\boost\non_type.hpp">
      <Filter>Header Files\boost</Filter>
    </ClInclude>
    <ClInclude Include="boost\include\boost\noncopyable.hpp">
      <Filter>Header Files\boost</Filter>
    </ClInclude>
    <ClInclude Include="boost\include\boost\nondet_random.hpp">
      <Filter>Header Files\boost</Filter>
    </ClInclude>
    <ClInclude Include="boost\include\boost\none.hpp">
      <Filter>Header Files\boost</Filter>
    </ClInclude>
    <ClInclude Include="boost\include\boost\none_t.hpp">
      <Filter>Header Files\boost</Filter>
    </ClInclude>
    <ClInclude Include="boost\include\boost\operators.hpp">
      <Filter>Header Files\boost</Filter>
    </ClInclude>
    <ClInclude Include="boost\include\boost\optional.hpp">
      <Filter>Header Files\boost</Filter>
    </ClInclude>
    <ClInclude Include="boost\include\boost\parameter.hpp">
      <Filter>Header Files\boost</Filter>
    </ClInclude>
    <ClInclude Include="boost\include\boost\pointee.hpp">
      <Filter>Header Files\boost</Filter>
    </ClInclude>
    <ClInclude Include="boost\include\boost\pointer_cast.hpp">
      <Filter>Header Files\boost</Filter>
    </ClInclude>
    <ClInclude Include="boost\include\boost\pointer_to_other.hpp">
      <Filter>Header Files\boost</Filter>
    </ClInclude>
    <ClInclude Include="boost\include\boost\preprocessor.hpp">
      <Filter>Header Files\boost</Filter>
    </ClInclude>
    <ClInclude Include="boost\include\boost\program_options.hpp">
      <Filter>Header Files\boost</Filter>
    </ClInclude>
    <ClInclude Include="boost\include\boost\progress.hpp">
      <Filter>Header Files\boost</Filter>
    </ClInclude>
    <ClInclude Include="boost\include\boost\python.hpp">
      <Filter>Header Files\boost</Filter>
    </ClInclude>
    <ClInclude Include="boost\include\boost\random.hpp">
      <Filter>Header Files\boost</Filter>
    </ClInclude>
    <ClInclude Include="boost\include\boost\range.hpp">
      <Filter>Header Files\boost</Filter>
    </ClInclude>
    <ClInclude Include="boost\include\boost\rational.hpp">
      <Filter>Header Files\boost</Filter>
    </ClInclude>
    <ClInclude Include="boost\include\boost\ref.hpp">
      <Filter>Header Files\boost</Filter>
    </ClInclude>
    <ClInclude Include="boost\include\boost\regex.h">
      <Filter>Header Files\boost</Filter>
    </ClInclude>
    <ClInclude Include="boost\include\boost\regex.hpp">
      <Filter>Header Files\boost</Filter>
    </ClInclude>
    <ClInclude Include="boost\include\boost\regex_fwd.hpp">
      <Filter>Header Files\boost</Filter>
    </ClInclude>
    <ClInclude Include="boost\include\boost\scope_exit.hpp">
      <Filter>Header Files\boost</Filter>
    </ClInclude>
    <ClInclude Include="boost\include\boost\scoped_array.hpp">
      <Filter>Header Files\boost</Filter>
    </ClInclude>
    <ClInclude Include="boost\include\boost\scoped_ptr.hpp">
      <Filter>Header Files\boost</Filter>
    </ClInclude>
    <ClInclude Include="boost\include\boost\shared_array.hpp">
      <Filter>Header Files\boost</Filter>
    </ClInclude>
    <ClInclude Include="boost\include\boost\shared_container_iterator.hpp">
      <Filter>Header Files\boost</Filter>
    </ClInclude>
    <ClInclude Include="boost\include\boost\shared_ptr.hpp">
      <Filter>Header Files\boost</Filter>
    </ClInclude>
    <ClInclude Include="boost\include\boost\signal.hpp">
      <Filter>Header Files\boost</Filter>
    </ClInclude>
    <ClInclude Include="boost\include\boost\signals.hpp">
      <Filter>Header Files\boost</Filter>
    </ClInclude>
    <ClInclude Include="boost\include\boost\signals2.hpp">
      <Filter>Header Files\boost</Filter>
    </ClInclude>
    <ClInclude Include="boost\include\boost\smart_ptr.hpp">
      <Filter>Header Files\boost</Filter>
    </ClInclude>
    <ClInclude Include="boost\include\boost\spirit.hpp">
      <Filter>Header Files\boost</Filter>
    </ClInclude>
    <ClInclude Include="boost\include\boost\static_assert.hpp">
      <Filter>Header Files\boost</Filter>
    </ClInclude>
    <ClInclude Include="boost\include\boost\strong_typedef.hpp">
      <Filter>Header Files\boost</Filter>
    </ClInclude>
    <ClInclude Include="boost\include\boost\swap.hpp">
      <Filter>Header Files\boost</Filter>
    </ClInclude>
    <ClInclude Include="boost\include\boost\thread.hpp">
      <Filter>Header Files\boost</Filter>
    </ClInclude>
    <ClInclude Include="boost\include\boost\throw_exception.hpp">
      <Filter>Header Files\boost</Filter>
    </ClInclude>
    <ClInclude Include="boost\include\boost\timer.hpp">
      <Filter>Header Files\boost</Filter>
    </ClInclude>
    <ClInclude Include="boost\include\boost\token_functions.hpp">
      <Filter>Header Files\boost</Filter>
    </ClInclude>
    <ClInclude Include="boost\include\boost\token_iterator.hpp">
      <Filter>Header Files\boost</Filter>
    </ClInclude>
    <ClInclude Include="boost\include\boost\tokenizer.hpp">
      <Filter>Header Files\boost</Filter>
    </ClInclude>
    <ClInclude Include="boost\include\boost\type.hpp">
      <Filter>Header Files\boost</Filter>
    </ClInclude>
    <ClInclude Include="boost\include\boost\type_traits.hpp">
      <Filter>Header Files\boost</Filter>
    </ClInclude>
    <ClInclude Include="boost\include\boost\unordered_map.hpp">
      <Filter>Header Files\boost</Filter>
    </ClInclude>
    <ClInclude Include="boost\include\boost\unordered_set.hpp">
      <Filter>Header Files\boost</Filter>
    </ClInclude>
    <ClInclude Include="boost\include\boost\utility.hpp">
      <Filter>Header Files\boost</Filter>
    </ClInclude>
    <ClInclude Include="boost\include\boost\variant.hpp">
      <Filter>Header Files\boost</Filter>
    </ClInclude>
    <ClInclude Include="boost\include\boost\version.hpp">
      <Filter>Header Files\boost</Filter>
    </ClInclude>
    <ClInclude Include="boost\include\boost\visit_each.hpp">
      <Filter>Header Files\boost</Filter>
    </ClInclude>
    <ClInclude Include="boost\include\boost\wave.hpp">
      <Filter>Header Files\boost</Filter>
    </ClInclude>
    <ClInclude Include="boost\include\boost\weak_ptr.hpp">
      <Filter>Header Files\boost</Filter>
    </ClInclude>
    <ClInclude Include="src\FontResource.h">
      <Filter>Header Files</Filter>
    </ClInclude>
    <ClInclude Include="src\VLCMenu.h">
      <Filter>Header Files</Filter>
    </ClInclude>
    <ClInclude Include="src\MenuTree.h">
      <Filter>Header Files</Filter>
    </ClInclude>
  </ItemGroup>
</Project>